// !$*UTF8*$!
{
	archiveVersion = 1;
	classes = {
	};
	objectVersion = 46;
	objects = {

/* Begin PBXBuildFile section */
		172117B11438AA960065C2B1 /* movelist.js in Resources */ = {isa = PBXBuildFile; fileRef = 172117AF1438A53C0065C2B1 /* movelist.js */; };
		172117B4143E12B60065C2B1 /* movelist-ipad.css in Resources */ = {isa = PBXBuildFile; fileRef = 172117B2143E12B60065C2B1 /* movelist-ipad.css */; };
		172117B5143E12B60065C2B1 /* movelist-iphone.css in Resources */ = {isa = PBXBuildFile; fileRef = 172117B3143E12B60065C2B1 /* movelist-iphone.css */; };
		1729521319DC6B66008E9803 /* Launch Screen.xib in Resources */ = {isa = PBXBuildFile; fileRef = 1729521219DC6B66008E9803 /* Launch Screen.xib */; };
		1740653518DB5DD5000C4C74 /* Util.mm in Sources */ = {isa = PBXBuildFile; fileRef = 1740653418DB5DD5000C4C74 /* Util.mm */; };
		17560CA11336310200466B87 /* BoardPreview.mm in Sources */ = {isa = PBXBuildFile; fileRef = 17560CA01336310200466B87 /* BoardPreview.mm */; };
		1773011E17EDB10200CB6DD3 /* AnimatedGameView.mm in Sources */ = {isa = PBXBuildFile; fileRef = 1773011D17EDB10200CB6DD3 /* AnimatedGameView.mm */; };
		1773FD6B17E78C0B00CB6DD3 /* PiecePreview.mm in Sources */ = {isa = PBXBuildFile; fileRef = 1773FD6A17E78C0B00CB6DD3 /* PiecePreview.mm */; };
		1773FE7917EC9A7D00CB6DD3 /* AlphaBBishop.png in Resources */ = {isa = PBXBuildFile; fileRef = 1773FD8A17EC9A7B00CB6DD3 /* AlphaBBishop.png */; };
		1773FE7A17EC9A7D00CB6DD3 /* AlphaBBishop@2x.png in Resources */ = {isa = PBXBuildFile; fileRef = 1773FD8B17EC9A7C00CB6DD3 /* AlphaBBishop@2x.png */; };
		1773FE7B17EC9A7D00CB6DD3 /* AlphaBKing.png in Resources */ = {isa = PBXBuildFile; fileRef = 1773FD8C17EC9A7C00CB6DD3 /* AlphaBKing.png */; };
		1773FE7C17EC9A7D00CB6DD3 /* AlphaBKing@2x.png in Resources */ = {isa = PBXBuildFile; fileRef = 1773FD8D17EC9A7C00CB6DD3 /* AlphaBKing@2x.png */; };
		1773FE7D17EC9A7D00CB6DD3 /* AlphaBKnight.png in Resources */ = {isa = PBXBuildFile; fileRef = 1773FD8E17EC9A7C00CB6DD3 /* AlphaBKnight.png */; };
		1773FE7E17EC9A7D00CB6DD3 /* AlphaBKnight@2x.png in Resources */ = {isa = PBXBuildFile; fileRef = 1773FD8F17EC9A7C00CB6DD3 /* AlphaBKnight@2x.png */; };
		1773FE7F17EC9A7D00CB6DD3 /* AlphaBPawn.png in Resources */ = {isa = PBXBuildFile; fileRef = 1773FD9017EC9A7C00CB6DD3 /* AlphaBPawn.png */; };
		1773FE8017EC9A7D00CB6DD3 /* AlphaBPawn@2x.png in Resources */ = {isa = PBXBuildFile; fileRef = 1773FD9117EC9A7C00CB6DD3 /* AlphaBPawn@2x.png */; };
		1773FE8117EC9A7D00CB6DD3 /* AlphaBQueen.png in Resources */ = {isa = PBXBuildFile; fileRef = 1773FD9217EC9A7C00CB6DD3 /* AlphaBQueen.png */; };
		1773FE8217EC9A7D00CB6DD3 /* AlphaBQueen@2x.png in Resources */ = {isa = PBXBuildFile; fileRef = 1773FD9317EC9A7C00CB6DD3 /* AlphaBQueen@2x.png */; };
		1773FE8317EC9A7D00CB6DD3 /* AlphaBRook.png in Resources */ = {isa = PBXBuildFile; fileRef = 1773FD9417EC9A7C00CB6DD3 /* AlphaBRook.png */; };
		1773FE8417EC9A7D00CB6DD3 /* AlphaBRook@2x.png in Resources */ = {isa = PBXBuildFile; fileRef = 1773FD9517EC9A7C00CB6DD3 /* AlphaBRook@2x.png */; };
		1773FE8517EC9A7D00CB6DD3 /* AlphaWBishop.png in Resources */ = {isa = PBXBuildFile; fileRef = 1773FD9617EC9A7C00CB6DD3 /* AlphaWBishop.png */; };
		1773FE8617EC9A7D00CB6DD3 /* AlphaWBishop@2x.png in Resources */ = {isa = PBXBuildFile; fileRef = 1773FD9717EC9A7C00CB6DD3 /* AlphaWBishop@2x.png */; };
		1773FE8717EC9A7D00CB6DD3 /* AlphaWKing.png in Resources */ = {isa = PBXBuildFile; fileRef = 1773FD9817EC9A7C00CB6DD3 /* AlphaWKing.png */; };
		1773FE8817EC9A7D00CB6DD3 /* AlphaWKing@2x.png in Resources */ = {isa = PBXBuildFile; fileRef = 1773FD9917EC9A7C00CB6DD3 /* AlphaWKing@2x.png */; };
		1773FE8917EC9A7D00CB6DD3 /* AlphaWKnight.png in Resources */ = {isa = PBXBuildFile; fileRef = 1773FD9A17EC9A7C00CB6DD3 /* AlphaWKnight.png */; };
		1773FE8A17EC9A7D00CB6DD3 /* AlphaWKnight@2x.png in Resources */ = {isa = PBXBuildFile; fileRef = 1773FD9B17EC9A7C00CB6DD3 /* AlphaWKnight@2x.png */; };
		1773FE8B17EC9A7D00CB6DD3 /* AlphaWPawn.png in Resources */ = {isa = PBXBuildFile; fileRef = 1773FD9C17EC9A7C00CB6DD3 /* AlphaWPawn.png */; };
		1773FE8C17EC9A7D00CB6DD3 /* AlphaWPawn@2x.png in Resources */ = {isa = PBXBuildFile; fileRef = 1773FD9D17EC9A7C00CB6DD3 /* AlphaWPawn@2x.png */; };
		1773FE8D17EC9A7D00CB6DD3 /* AlphaWQueen.png in Resources */ = {isa = PBXBuildFile; fileRef = 1773FD9E17EC9A7C00CB6DD3 /* AlphaWQueen.png */; };
		1773FE8E17EC9A7D00CB6DD3 /* AlphaWQueen@2x.png in Resources */ = {isa = PBXBuildFile; fileRef = 1773FD9F17EC9A7C00CB6DD3 /* AlphaWQueen@2x.png */; };
		1773FE8F17EC9A7D00CB6DD3 /* AlphaWRook.png in Resources */ = {isa = PBXBuildFile; fileRef = 1773FDA017EC9A7C00CB6DD3 /* AlphaWRook.png */; };
		1773FE9017EC9A7D00CB6DD3 /* AlphaWRook@2x.png in Resources */ = {isa = PBXBuildFile; fileRef = 1773FDA117EC9A7C00CB6DD3 /* AlphaWRook@2x.png */; };
		177F563719DB012D001D2F20 /* AlphaBBishop@3x.png in Resources */ = {isa = PBXBuildFile; fileRef = 177F560719DB012D001D2F20 /* AlphaBBishop@3x.png */; };
		177F563819DB012D001D2F20 /* AlphaBKing@3x.png in Resources */ = {isa = PBXBuildFile; fileRef = 177F560819DB012D001D2F20 /* AlphaBKing@3x.png */; };
		177F563919DB012D001D2F20 /* AlphaBKnight@3x.png in Resources */ = {isa = PBXBuildFile; fileRef = 177F560919DB012D001D2F20 /* AlphaBKnight@3x.png */; };
		177F563A19DB012D001D2F20 /* AlphaBPawn@3x.png in Resources */ = {isa = PBXBuildFile; fileRef = 177F560A19DB012D001D2F20 /* AlphaBPawn@3x.png */; };
		177F563B19DB012D001D2F20 /* AlphaBQueen@3x.png in Resources */ = {isa = PBXBuildFile; fileRef = 177F560B19DB012D001D2F20 /* AlphaBQueen@3x.png */; };
		177F563C19DB012D001D2F20 /* AlphaBRook@3x.png in Resources */ = {isa = PBXBuildFile; fileRef = 177F560C19DB012D001D2F20 /* AlphaBRook@3x.png */; };
		177F563D19DB012D001D2F20 /* AlphaWBishop@3x.png in Resources */ = {isa = PBXBuildFile; fileRef = 177F560D19DB012D001D2F20 /* AlphaWBishop@3x.png */; };
		177F563E19DB012D001D2F20 /* AlphaWKing@3x.png in Resources */ = {isa = PBXBuildFile; fileRef = 177F560E19DB012D001D2F20 /* AlphaWKing@3x.png */; };
		177F563F19DB012D001D2F20 /* AlphaWKnight@3x.png in Resources */ = {isa = PBXBuildFile; fileRef = 177F560F19DB012D001D2F20 /* AlphaWKnight@3x.png */; };
		177F564019DB012D001D2F20 /* AlphaWPawn@3x.png in Resources */ = {isa = PBXBuildFile; fileRef = 177F561019DB012D001D2F20 /* AlphaWPawn@3x.png */; };
		177F564119DB012D001D2F20 /* AlphaWQueen@3x.png in Resources */ = {isa = PBXBuildFile; fileRef = 177F561119DB012D001D2F20 /* AlphaWQueen@3x.png */; };
		177F564219DB012D001D2F20 /* AlphaWRook@3x.png in Resources */ = {isa = PBXBuildFile; fileRef = 177F561219DB012D001D2F20 /* AlphaWRook@3x.png */; };
		178855BB17F4D6A90000B15B /* style.css in Resources */ = {isa = PBXBuildFile; fileRef = 178855BA17F4D6A90000B15B /* style.css */; };
		1796004C11D392F20074E5B7 /* about.html in Resources */ = {isa = PBXBuildFile; fileRef = 1796004A11D392F20074E5B7 /* about.html */; };
		1796004F11D393270074E5B7 /* AudioToolbox.framework in Frameworks */ = {isa = PBXBuildFile; fileRef = 1796004E11D393270074E5B7 /* AudioToolbox.framework */; };
		1796008011D393A60074E5B7 /* bitboard.cpp in Sources */ = {isa = PBXBuildFile; fileRef = 1796005D11D393A60074E5B7 /* bitboard.cpp */; };
		1796008111D393A60074E5B7 /* book.cpp in Sources */ = {isa = PBXBuildFile; fileRef = 1796005F11D393A60074E5B7 /* book.cpp */; };
		1796008211D393A60074E5B7 /* color.cpp in Sources */ = {isa = PBXBuildFile; fileRef = 1796006111D393A60074E5B7 /* color.cpp */; };
		1796008311D393A60074E5B7 /* direction.cpp in Sources */ = {isa = PBXBuildFile; fileRef = 1796006411D393A60074E5B7 /* direction.cpp */; };
		1796008411D393A60074E5B7 /* mersenne.cpp in Sources */ = {isa = PBXBuildFile; fileRef = 1796006711D393A60074E5B7 /* mersenne.cpp */; };
		1796008511D393A60074E5B7 /* misc.cpp in Sources */ = {isa = PBXBuildFile; fileRef = 1796006911D393A60074E5B7 /* misc.cpp */; };
		1796008611D393A60074E5B7 /* move.cpp in Sources */ = {isa = PBXBuildFile; fileRef = 1796006B11D393A60074E5B7 /* move.cpp */; };
		1796008711D393A60074E5B7 /* movegen.cpp in Sources */ = {isa = PBXBuildFile; fileRef = 1796006D11D393A60074E5B7 /* movegen.cpp */; };
		1796008811D393A60074E5B7 /* movepick.cpp in Sources */ = {isa = PBXBuildFile; fileRef = 1796006F11D393A60074E5B7 /* movepick.cpp */; };
		1796008911D393A60074E5B7 /* piece.cpp in Sources */ = {isa = PBXBuildFile; fileRef = 1796007211D393A60074E5B7 /* piece.cpp */; };
		1796008A11D393A60074E5B7 /* position.cpp in Sources */ = {isa = PBXBuildFile; fileRef = 1796007411D393A60074E5B7 /* position.cpp */; };
		1796008B11D393A60074E5B7 /* san.cpp in Sources */ = {isa = PBXBuildFile; fileRef = 1796007711D393A60074E5B7 /* san.cpp */; };
		1796008C11D393A60074E5B7 /* square.cpp in Sources */ = {isa = PBXBuildFile; fileRef = 1796007A11D393A60074E5B7 /* square.cpp */; };
		1796008D11D393A60074E5B7 /* value.cpp in Sources */ = {isa = PBXBuildFile; fileRef = 1796007D11D393A60074E5B7 /* value.cpp */; };
		1796FEA111D391570074E5B7 /* main.mm in Sources */ = {isa = PBXBuildFile; fileRef = 1796FEA011D391570074E5B7 /* main.mm */; };
		1796FF5311D3921A0074E5B7 /* BoardView.mm in Sources */ = {isa = PBXBuildFile; fileRef = 1796FEF911D3921A0074E5B7 /* BoardView.mm */; };
		1796FF5411D3921A0074E5B7 /* BoardViewController.mm in Sources */ = {isa = PBXBuildFile; fileRef = 1796FEFB11D3921A0074E5B7 /* BoardViewController.mm */; };
		1796FF5711D3921A0074E5B7 /* ChessMove.mm in Sources */ = {isa = PBXBuildFile; fileRef = 1796FF0111D3921A0074E5B7 /* ChessMove.mm */; };
		1796FF5B11D3921A0074E5B7 /* EngineController.mm in Sources */ = {isa = PBXBuildFile; fileRef = 1796FF0911D3921A0074E5B7 /* EngineController.mm */; };
		1796FF5D11D3921A0074E5B7 /* Game.mm in Sources */ = {isa = PBXBuildFile; fileRef = 1796FF0D11D3921A0074E5B7 /* Game.mm */; };
		1796FF5E11D3921A0074E5B7 /* GameController.mm in Sources */ = {isa = PBXBuildFile; fileRef = 1796FF0F11D3921A0074E5B7 /* GameController.mm */; };
		1796FF6111D3921A0074E5B7 /* GameParser.mm in Sources */ = {isa = PBXBuildFile; fileRef = 1796FF1511D3921A0074E5B7 /* GameParser.mm */; };
		1796FF6311D3921A0074E5B7 /* AppDelegate.mm in Sources */ = {isa = PBXBuildFile; fileRef = 1796FF1911D3921A0074E5B7 /* AppDelegate.mm */; };
		1796FF6411D3921A0074E5B7 /* HighlightedSquaresView.mm in Sources */ = {isa = PBXBuildFile; fileRef = 1796FF1B11D3921A0074E5B7 /* HighlightedSquaresView.mm */; };
		1796FF6511D3921A0074E5B7 /* LastMoveView.mm in Sources */ = {isa = PBXBuildFile; fileRef = 1796FF1D11D3921A0074E5B7 /* LastMoveView.mm */; };
		1796FF6811D3921A0074E5B7 /* MoveListView.mm in Sources */ = {isa = PBXBuildFile; fileRef = 1796FF2311D3921A0074E5B7 /* MoveListView.mm */; };
		1796FF6911D3921A0074E5B7 /* OpeningBook.mm in Sources */ = {isa = PBXBuildFile; fileRef = 1796FF2511D3921A0074E5B7 /* OpeningBook.mm */; };
		1796FF6A11D3921A0074E5B7 /* Options.mm in Sources */ = {isa = PBXBuildFile; fileRef = 1796FF2711D3921A0074E5B7 /* Options.mm */; };
		1796FF6C11D3921A0074E5B7 /* PGN.mm in Sources */ = {isa = PBXBuildFile; fileRef = 1796FF2B11D3921A0074E5B7 /* PGN.mm */; };
		1796FF6E11D3921A0074E5B7 /* PieceImageView.mm in Sources */ = {isa = PBXBuildFile; fileRef = 1796FF2F11D3921A0074E5B7 /* PieceImageView.mm */; };
		1796FF7011D3921A0074E5B7 /* Queue.mm in Sources */ = {isa = PBXBuildFile; fileRef = 1796FF3311D3921A0074E5B7 /* Queue.mm */; };
		1796FF7611D3921A0074E5B7 /* RootView.mm in Sources */ = {isa = PBXBuildFile; fileRef = 1796FF3F11D3921A0074E5B7 /* RootView.mm */; };
		1796FF7811D3921A0074E5B7 /* SelectedPieceView.mm in Sources */ = {isa = PBXBuildFile; fileRef = 1796FF4311D3921A0074E5B7 /* SelectedPieceView.mm */; };
		1796FF7911D3921A0074E5B7 /* SelectedSquareView.mm in Sources */ = {isa = PBXBuildFile; fileRef = 1796FF4511D3921A0074E5B7 /* SelectedSquareView.mm */; };
		1796FF7A11D3921A0074E5B7 /* SetupBoardView.mm in Sources */ = {isa = PBXBuildFile; fileRef = 1796FF4711D3921A0074E5B7 /* SetupBoardView.mm */; };
		1796FF7C11D3921A0074E5B7 /* SideToMoveController.mm in Sources */ = {isa = PBXBuildFile; fileRef = 1796FF4B11D3921A0074E5B7 /* SideToMoveController.mm */; };
		1799C31615DA7AEF0042DE41 /* ECO.mm in Sources */ = {isa = PBXBuildFile; fileRef = 1799C31515DA7AEF0042DE41 /* ECO.mm */; };
		17C81EE517E314FA00A47866 /* notation.cpp in Sources */ = {isa = PBXBuildFile; fileRef = 17C81EE317E314FA00A47866 /* notation.cpp */; };
		17C81EE717E4835000A47866 /* QuartzCore.framework in Frameworks */ = {isa = PBXBuildFile; fileRef = 17C81EE617E4835000A47866 /* QuartzCore.framework */; };
		17DC4770132B938B00C48450 /* CoordinatesView.mm in Sources */ = {isa = PBXBuildFile; fileRef = 17DC476F132B938B00C48450 /* CoordinatesView.mm */; };
		17DCB80915C54A2D005ADD54 /* benchmark.cpp in Sources */ = {isa = PBXBuildFile; fileRef = 17DCB7DF15C54A2D005ADD54 /* benchmark.cpp */; };
		17DCB80A15C54A2D005ADD54 /* bitbase.cpp in Sources */ = {isa = PBXBuildFile; fileRef = 17DCB7E015C54A2D005ADD54 /* bitbase.cpp */; };
		17DCB80B15C54A2D005ADD54 /* bitboard.cpp in Sources */ = {isa = PBXBuildFile; fileRef = 17DCB7E115C54A2D005ADD54 /* bitboard.cpp */; };
		17DCB80C15C54A2D005ADD54 /* book.cpp in Sources */ = {isa = PBXBuildFile; fileRef = 17DCB7E415C54A2D005ADD54 /* book.cpp */; };
		17DCB80D15C54A2D005ADD54 /* endgame.cpp in Sources */ = {isa = PBXBuildFile; fileRef = 17DCB7E615C54A2D005ADD54 /* endgame.cpp */; };
		17DCB80E15C54A2D005ADD54 /* evaluate.cpp in Sources */ = {isa = PBXBuildFile; fileRef = 17DCB7E815C54A2D005ADD54 /* evaluate.cpp */; };
		17DCB80F15C54A2D005ADD54 /* iphone.mm in Sources */ = {isa = PBXBuildFile; fileRef = 17DCB7EC15C54A2D005ADD54 /* iphone.mm */; };
		17DCB81015C54A2D005ADD54 /* material.cpp in Sources */ = {isa = PBXBuildFile; fileRef = 17DCB7EE15C54A2D005ADD54 /* material.cpp */; };
		17DCB81115C54A2D005ADD54 /* misc.cpp in Sources */ = {isa = PBXBuildFile; fileRef = 17DCB7F015C54A2D005ADD54 /* misc.cpp */; };
		17DCB81315C54A2D005ADD54 /* movegen.cpp in Sources */ = {isa = PBXBuildFile; fileRef = 17DCB7F315C54A2D005ADD54 /* movegen.cpp */; };
		17DCB81415C54A2D005ADD54 /* movepick.cpp in Sources */ = {isa = PBXBuildFile; fileRef = 17DCB7F515C54A2D005ADD54 /* movepick.cpp */; };
		17DCB81515C54A2D005ADD54 /* pawns.cpp in Sources */ = {isa = PBXBuildFile; fileRef = 17DCB7F715C54A2D005ADD54 /* pawns.cpp */; };
		17DCB81615C54A2D005ADD54 /* position.cpp in Sources */ = {isa = PBXBuildFile; fileRef = 17DCB7F915C54A2D005ADD54 /* position.cpp */; };
		17DCB81715C54A2D005ADD54 /* search.cpp in Sources */ = {isa = PBXBuildFile; fileRef = 17DCB7FD15C54A2D005ADD54 /* search.cpp */; };
		17DCB81815C54A2D005ADD54 /* thread.cpp in Sources */ = {isa = PBXBuildFile; fileRef = 17DCB7FF15C54A2D005ADD54 /* thread.cpp */; };
		17DCB81915C54A2D005ADD54 /* timeman.cpp in Sources */ = {isa = PBXBuildFile; fileRef = 17DCB80115C54A2D005ADD54 /* timeman.cpp */; };
		17DCB81A15C54A2D005ADD54 /* tt.cpp in Sources */ = {isa = PBXBuildFile; fileRef = 17DCB80315C54A2D005ADD54 /* tt.cpp */; };
		17DCB81B15C54A2D005ADD54 /* uci.cpp in Sources */ = {isa = PBXBuildFile; fileRef = 17DCB80615C54A2D005ADD54 /* uci.cpp */; };
		17DCB81C15C54A2D005ADD54 /* ucioption.cpp in Sources */ = {isa = PBXBuildFile; fileRef = 17DCB80715C54A2D005ADD54 /* ucioption.cpp */; };
		1D60589F0D05DD5A006BFB54 /* Foundation.framework in Frameworks */ = {isa = PBXBuildFile; fileRef = 1D30AB110D05D00D00671497 /* Foundation.framework */; };
		1DF5F4E00D08C38300B7A737 /* UIKit.framework in Frameworks */ = {isa = PBXBuildFile; fileRef = 1DF5F4DF0D08C38300B7A737 /* UIKit.framework */; };
		1E2D82171CE36E0F0082E001 /* images.xcassets in Resources */ = {isa = PBXBuildFile; fileRef = 1E2D82161CE36E0F0082E001 /* images.xcassets */; };
		1E2D821A1CE6225B0082E001 /* iTunesArtwork.png in Resources */ = {isa = PBXBuildFile; fileRef = 1E2D82181CE6225B0082E001 /* iTunesArtwork.png */; };
		1E2D821B1CE6225B0082E001 /* iTunesArtwork@2x.png in Resources */ = {isa = PBXBuildFile; fileRef = 1E2D82191CE6225B0082E001 /* iTunesArtwork@2x.png */; };
		1E788A141CD12DF200230ED1 /* SGActionView.m in Sources */ = {isa = PBXBuildFile; fileRef = 1E788A0B1CD12DF200230ED1 /* SGActionView.m */; };
		1E788A151CD12DF200230ED1 /* SGAlertMenu.m in Sources */ = {isa = PBXBuildFile; fileRef = 1E788A0D1CD12DF200230ED1 /* SGAlertMenu.m */; };
		1E788A161CD12DF200230ED1 /* SGBaseMenu.m in Sources */ = {isa = PBXBuildFile; fileRef = 1E788A0F1CD12DF200230ED1 /* SGBaseMenu.m */; };
		1E788A171CD12DF200230ED1 /* SGGridMenu.m in Sources */ = {isa = PBXBuildFile; fileRef = 1E788A111CD12DF200230ED1 /* SGGridMenu.m */; };
		1E788A181CD12DF200230ED1 /* SGSheetMenu.m in Sources */ = {isa = PBXBuildFile; fileRef = 1E788A131CD12DF200230ED1 /* SGSheetMenu.m */; };
		1EBC3E781CDB6F1100E9A896 /* HexColors.m in Sources */ = {isa = PBXBuildFile; fileRef = 1EBC3E771CDB6F1100E9A896 /* HexColors.m */; };
		1EBC3E7B1CDB77B500E9A896 /* constants.m in Sources */ = {isa = PBXBuildFile; fileRef = 1EBC3E7A1CDB77B500E9A896 /* constants.m */; };
		1EE176F21CBFD23200DDAD41 /* ScanViewController.m in Sources */ = {isa = PBXBuildFile; fileRef = 1EE176EE1CBFD23200DDAD41 /* ScanViewController.m */; };
		1EE176F31CBFD23200DDAD41 /* MTBBarcodeScanner.m in Sources */ = {isa = PBXBuildFile; fileRef = 1EE176F11CBFD23200DDAD41 /* MTBBarcodeScanner.m */; };
		1EE176F51CBFD42C00DDAD41 /* AVFoundation.framework in Frameworks */ = {isa = PBXBuildFile; fileRef = 1EE176F41CBFD42C00DDAD41 /* AVFoundation.framework */; };
		288765FD0DF74451002DB57D /* CoreGraphics.framework in Frameworks */ = {isa = PBXBuildFile; fileRef = 288765FC0DF74451002DB57D /* CoreGraphics.framework */; };
		3669E881C221C4E64F0C2F9E /* ColorUtils.mm in Sources */ = {isa = PBXBuildFile; fileRef = 3669E10D3A8EE40F981232B6 /* ColorUtils.mm */; };
		AF99DD8E1D2EF35000505795 /* book.bin in Resources */ = {isa = PBXBuildFile; fileRef = AF99DD8C1D2EF35000505795 /* book.bin */; };
		AF99DD8F1D2EF35000505795 /* eco.txt in Resources */ = {isa = PBXBuildFile; fileRef = AF99DD8D1D2EF35000505795 /* eco.txt */; };
/* End PBXBuildFile section */

/* Begin PBXFileReference section */
		172117AF1438A53C0065C2B1 /* movelist.js */ = {isa = PBXFileReference; explicitFileType = sourcecode.javascript; fileEncoding = 4; name = movelist.js; path = HTML/movelist.js; sourceTree = "<group>"; };
		172117B2143E12B60065C2B1 /* movelist-ipad.css */ = {isa = PBXFileReference; fileEncoding = 4; lastKnownFileType = text.css; name = "movelist-ipad.css"; path = "HTML/movelist-ipad.css"; sourceTree = "<group>"; };
		172117B3143E12B60065C2B1 /* movelist-iphone.css */ = {isa = PBXFileReference; fileEncoding = 4; lastKnownFileType = text.css; name = "movelist-iphone.css"; path = "HTML/movelist-iphone.css"; sourceTree = "<group>"; };
		1729521219DC6B66008E9803 /* Launch Screen.xib */ = {isa = PBXFileReference; fileEncoding = 4; lastKnownFileType = file.xib; path = "Launch Screen.xib"; sourceTree = "<group>"; };
		1740653318DB5DD5000C4C74 /* Util.h */ = {isa = PBXFileReference; fileEncoding = 4; lastKnownFileType = sourcecode.c.h; path = Util.h; sourceTree = "<group>"; };
		1740653418DB5DD5000C4C74 /* Util.mm */ = {isa = PBXFileReference; fileEncoding = 4; lastKnownFileType = sourcecode.cpp.objcpp; path = Util.mm; sourceTree = "<group>"; };
		17560C9F1336310200466B87 /* BoardPreview.h */ = {isa = PBXFileReference; fileEncoding = 4; lastKnownFileType = sourcecode.c.h; path = BoardPreview.h; sourceTree = "<group>"; };
		17560CA01336310200466B87 /* BoardPreview.mm */ = {isa = PBXFileReference; fileEncoding = 4; lastKnownFileType = sourcecode.cpp.objcpp; path = BoardPreview.mm; sourceTree = "<group>"; };
		1773011C17EDB10200CB6DD3 /* AnimatedGameView.h */ = {isa = PBXFileReference; fileEncoding = 4; lastKnownFileType = sourcecode.c.h; path = AnimatedGameView.h; sourceTree = "<group>"; };
		1773011D17EDB10200CB6DD3 /* AnimatedGameView.mm */ = {isa = PBXFileReference; fileEncoding = 4; lastKnownFileType = sourcecode.cpp.objcpp; path = AnimatedGameView.mm; sourceTree = "<group>"; };
		1773FD6917E78C0B00CB6DD3 /* PiecePreview.h */ = {isa = PBXFileReference; fileEncoding = 4; lastKnownFileType = sourcecode.c.h; path = PiecePreview.h; sourceTree = "<group>"; };
		1773FD6A17E78C0B00CB6DD3 /* PiecePreview.mm */ = {isa = PBXFileReference; fileEncoding = 4; lastKnownFileType = sourcecode.cpp.objcpp; path = PiecePreview.mm; sourceTree = "<group>"; };
		1773FD8A17EC9A7B00CB6DD3 /* AlphaBBishop.png */ = {isa = PBXFileReference; lastKnownFileType = image.png; name = AlphaBBishop.png; path = Images/AlphaBBishop.png; sourceTree = "<group>"; };
		1773FD8B17EC9A7C00CB6DD3 /* AlphaBBishop@2x.png */ = {isa = PBXFileReference; lastKnownFileType = image.png; name = "AlphaBBishop@2x.png"; path = "Images/AlphaBBishop@2x.png"; sourceTree = "<group>"; };
		1773FD8C17EC9A7C00CB6DD3 /* AlphaBKing.png */ = {isa = PBXFileReference; lastKnownFileType = image.png; name = AlphaBKing.png; path = Images/AlphaBKing.png; sourceTree = "<group>"; };
		1773FD8D17EC9A7C00CB6DD3 /* AlphaBKing@2x.png */ = {isa = PBXFileReference; lastKnownFileType = image.png; name = "AlphaBKing@2x.png"; path = "Images/AlphaBKing@2x.png"; sourceTree = "<group>"; };
		1773FD8E17EC9A7C00CB6DD3 /* AlphaBKnight.png */ = {isa = PBXFileReference; lastKnownFileType = image.png; name = AlphaBKnight.png; path = Images/AlphaBKnight.png; sourceTree = "<group>"; };
		1773FD8F17EC9A7C00CB6DD3 /* AlphaBKnight@2x.png */ = {isa = PBXFileReference; lastKnownFileType = image.png; name = "AlphaBKnight@2x.png"; path = "Images/AlphaBKnight@2x.png"; sourceTree = "<group>"; };
		1773FD9017EC9A7C00CB6DD3 /* AlphaBPawn.png */ = {isa = PBXFileReference; lastKnownFileType = image.png; name = AlphaBPawn.png; path = Images/AlphaBPawn.png; sourceTree = "<group>"; };
		1773FD9117EC9A7C00CB6DD3 /* AlphaBPawn@2x.png */ = {isa = PBXFileReference; lastKnownFileType = image.png; name = "AlphaBPawn@2x.png"; path = "Images/AlphaBPawn@2x.png"; sourceTree = "<group>"; };
		1773FD9217EC9A7C00CB6DD3 /* AlphaBQueen.png */ = {isa = PBXFileReference; lastKnownFileType = image.png; name = AlphaBQueen.png; path = Images/AlphaBQueen.png; sourceTree = "<group>"; };
		1773FD9317EC9A7C00CB6DD3 /* AlphaBQueen@2x.png */ = {isa = PBXFileReference; lastKnownFileType = image.png; name = "AlphaBQueen@2x.png"; path = "Images/AlphaBQueen@2x.png"; sourceTree = "<group>"; };
		1773FD9417EC9A7C00CB6DD3 /* AlphaBRook.png */ = {isa = PBXFileReference; lastKnownFileType = image.png; name = AlphaBRook.png; path = Images/AlphaBRook.png; sourceTree = "<group>"; };
		1773FD9517EC9A7C00CB6DD3 /* AlphaBRook@2x.png */ = {isa = PBXFileReference; lastKnownFileType = image.png; name = "AlphaBRook@2x.png"; path = "Images/AlphaBRook@2x.png"; sourceTree = "<group>"; };
		1773FD9617EC9A7C00CB6DD3 /* AlphaWBishop.png */ = {isa = PBXFileReference; lastKnownFileType = image.png; name = AlphaWBishop.png; path = Images/AlphaWBishop.png; sourceTree = "<group>"; };
		1773FD9717EC9A7C00CB6DD3 /* AlphaWBishop@2x.png */ = {isa = PBXFileReference; lastKnownFileType = image.png; name = "AlphaWBishop@2x.png"; path = "Images/AlphaWBishop@2x.png"; sourceTree = "<group>"; };
		1773FD9817EC9A7C00CB6DD3 /* AlphaWKing.png */ = {isa = PBXFileReference; lastKnownFileType = image.png; name = AlphaWKing.png; path = Images/AlphaWKing.png; sourceTree = "<group>"; };
		1773FD9917EC9A7C00CB6DD3 /* AlphaWKing@2x.png */ = {isa = PBXFileReference; lastKnownFileType = image.png; name = "AlphaWKing@2x.png"; path = "Images/AlphaWKing@2x.png"; sourceTree = "<group>"; };
		1773FD9A17EC9A7C00CB6DD3 /* AlphaWKnight.png */ = {isa = PBXFileReference; lastKnownFileType = image.png; name = AlphaWKnight.png; path = Images/AlphaWKnight.png; sourceTree = "<group>"; };
		1773FD9B17EC9A7C00CB6DD3 /* AlphaWKnight@2x.png */ = {isa = PBXFileReference; lastKnownFileType = image.png; name = "AlphaWKnight@2x.png"; path = "Images/AlphaWKnight@2x.png"; sourceTree = "<group>"; };
		1773FD9C17EC9A7C00CB6DD3 /* AlphaWPawn.png */ = {isa = PBXFileReference; lastKnownFileType = image.png; name = AlphaWPawn.png; path = Images/AlphaWPawn.png; sourceTree = "<group>"; };
		1773FD9D17EC9A7C00CB6DD3 /* AlphaWPawn@2x.png */ = {isa = PBXFileReference; lastKnownFileType = image.png; name = "AlphaWPawn@2x.png"; path = "Images/AlphaWPawn@2x.png"; sourceTree = "<group>"; };
		1773FD9E17EC9A7C00CB6DD3 /* AlphaWQueen.png */ = {isa = PBXFileReference; lastKnownFileType = image.png; name = AlphaWQueen.png; path = Images/AlphaWQueen.png; sourceTree = "<group>"; };
		1773FD9F17EC9A7C00CB6DD3 /* AlphaWQueen@2x.png */ = {isa = PBXFileReference; lastKnownFileType = image.png; name = "AlphaWQueen@2x.png"; path = "Images/AlphaWQueen@2x.png"; sourceTree = "<group>"; };
		1773FDA017EC9A7C00CB6DD3 /* AlphaWRook.png */ = {isa = PBXFileReference; lastKnownFileType = image.png; name = AlphaWRook.png; path = Images/AlphaWRook.png; sourceTree = "<group>"; };
		1773FDA117EC9A7C00CB6DD3 /* AlphaWRook@2x.png */ = {isa = PBXFileReference; lastKnownFileType = image.png; name = "AlphaWRook@2x.png"; path = "Images/AlphaWRook@2x.png"; sourceTree = "<group>"; };
		177F560719DB012D001D2F20 /* AlphaBBishop@3x.png */ = {isa = PBXFileReference; lastKnownFileType = image.png; name = "AlphaBBishop@3x.png"; path = "Images/AlphaBBishop@3x.png"; sourceTree = "<group>"; };
		177F560819DB012D001D2F20 /* AlphaBKing@3x.png */ = {isa = PBXFileReference; lastKnownFileType = image.png; name = "AlphaBKing@3x.png"; path = "Images/AlphaBKing@3x.png"; sourceTree = "<group>"; };
		177F560919DB012D001D2F20 /* AlphaBKnight@3x.png */ = {isa = PBXFileReference; lastKnownFileType = image.png; name = "AlphaBKnight@3x.png"; path = "Images/AlphaBKnight@3x.png"; sourceTree = "<group>"; };
		177F560A19DB012D001D2F20 /* AlphaBPawn@3x.png */ = {isa = PBXFileReference; lastKnownFileType = image.png; name = "AlphaBPawn@3x.png"; path = "Images/AlphaBPawn@3x.png"; sourceTree = "<group>"; };
		177F560B19DB012D001D2F20 /* AlphaBQueen@3x.png */ = {isa = PBXFileReference; lastKnownFileType = image.png; name = "AlphaBQueen@3x.png"; path = "Images/AlphaBQueen@3x.png"; sourceTree = "<group>"; };
		177F560C19DB012D001D2F20 /* AlphaBRook@3x.png */ = {isa = PBXFileReference; lastKnownFileType = image.png; name = "AlphaBRook@3x.png"; path = "Images/AlphaBRook@3x.png"; sourceTree = "<group>"; };
		177F560D19DB012D001D2F20 /* AlphaWBishop@3x.png */ = {isa = PBXFileReference; lastKnownFileType = image.png; name = "AlphaWBishop@3x.png"; path = "Images/AlphaWBishop@3x.png"; sourceTree = "<group>"; };
		177F560E19DB012D001D2F20 /* AlphaWKing@3x.png */ = {isa = PBXFileReference; lastKnownFileType = image.png; name = "AlphaWKing@3x.png"; path = "Images/AlphaWKing@3x.png"; sourceTree = "<group>"; };
		177F560F19DB012D001D2F20 /* AlphaWKnight@3x.png */ = {isa = PBXFileReference; lastKnownFileType = image.png; name = "AlphaWKnight@3x.png"; path = "Images/AlphaWKnight@3x.png"; sourceTree = "<group>"; };
		177F561019DB012D001D2F20 /* AlphaWPawn@3x.png */ = {isa = PBXFileReference; lastKnownFileType = image.png; name = "AlphaWPawn@3x.png"; path = "Images/AlphaWPawn@3x.png"; sourceTree = "<group>"; };
		177F561119DB012D001D2F20 /* AlphaWQueen@3x.png */ = {isa = PBXFileReference; lastKnownFileType = image.png; name = "AlphaWQueen@3x.png"; path = "Images/AlphaWQueen@3x.png"; sourceTree = "<group>"; };
		177F561219DB012D001D2F20 /* AlphaWRook@3x.png */ = {isa = PBXFileReference; lastKnownFileType = image.png; name = "AlphaWRook@3x.png"; path = "Images/AlphaWRook@3x.png"; sourceTree = "<group>"; };
		178855BA17F4D6A90000B15B /* style.css */ = {isa = PBXFileReference; fileEncoding = 4; lastKnownFileType = text.css; name = style.css; path = HTML/style.css; sourceTree = "<group>"; };
		1796004A11D392F20074E5B7 /* about.html */ = {isa = PBXFileReference; fileEncoding = 4; lastKnownFileType = text.html; name = about.html; path = HTML/about.html; sourceTree = "<group>"; };
		1796004E11D393270074E5B7 /* AudioToolbox.framework */ = {isa = PBXFileReference; lastKnownFileType = wrapper.framework; name = AudioToolbox.framework; path = System/Library/Frameworks/AudioToolbox.framework; sourceTree = SDKROOT; };
		1796005D11D393A60074E5B7 /* bitboard.cpp */ = {isa = PBXFileReference; fileEncoding = 4; lastKnownFileType = sourcecode.cpp.cpp; name = bitboard.cpp; path = Chess/bitboard.cpp; sourceTree = "<group>"; };
		1796005E11D393A60074E5B7 /* bitboard.h */ = {isa = PBXFileReference; fileEncoding = 4; lastKnownFileType = sourcecode.c.h; name = bitboard.h; path = Chess/bitboard.h; sourceTree = "<group>"; };
		1796005F11D393A60074E5B7 /* book.cpp */ = {isa = PBXFileReference; fileEncoding = 4; lastKnownFileType = sourcecode.cpp.cpp; name = book.cpp; path = Chess/book.cpp; sourceTree = "<group>"; };
		1796006011D393A60074E5B7 /* book.h */ = {isa = PBXFileReference; fileEncoding = 4; lastKnownFileType = sourcecode.c.h; name = book.h; path = Chess/book.h; sourceTree = "<group>"; };
		1796006111D393A60074E5B7 /* color.cpp */ = {isa = PBXFileReference; fileEncoding = 4; lastKnownFileType = sourcecode.cpp.cpp; name = color.cpp; path = Chess/color.cpp; sourceTree = "<group>"; };
		1796006211D393A60074E5B7 /* color.h */ = {isa = PBXFileReference; fileEncoding = 4; lastKnownFileType = sourcecode.c.h; name = color.h; path = Chess/color.h; sourceTree = "<group>"; };
		1796006311D393A60074E5B7 /* depth.h */ = {isa = PBXFileReference; fileEncoding = 4; lastKnownFileType = sourcecode.c.h; name = depth.h; path = Chess/depth.h; sourceTree = "<group>"; };
		1796006411D393A60074E5B7 /* direction.cpp */ = {isa = PBXFileReference; fileEncoding = 4; lastKnownFileType = sourcecode.cpp.cpp; name = direction.cpp; path = Chess/direction.cpp; sourceTree = "<group>"; };
		1796006511D393A60074E5B7 /* direction.h */ = {isa = PBXFileReference; fileEncoding = 4; lastKnownFileType = sourcecode.c.h; name = direction.h; path = Chess/direction.h; sourceTree = "<group>"; };
		1796006611D393A60074E5B7 /* lock.h */ = {isa = PBXFileReference; fileEncoding = 4; lastKnownFileType = sourcecode.c.h; name = lock.h; path = Chess/lock.h; sourceTree = "<group>"; };
		1796006711D393A60074E5B7 /* mersenne.cpp */ = {isa = PBXFileReference; fileEncoding = 4; lastKnownFileType = sourcecode.cpp.cpp; name = mersenne.cpp; path = Chess/mersenne.cpp; sourceTree = "<group>"; };
		1796006811D393A60074E5B7 /* mersenne.h */ = {isa = PBXFileReference; fileEncoding = 4; lastKnownFileType = sourcecode.c.h; name = mersenne.h; path = Chess/mersenne.h; sourceTree = "<group>"; };
		1796006911D393A60074E5B7 /* misc.cpp */ = {isa = PBXFileReference; fileEncoding = 4; lastKnownFileType = sourcecode.cpp.cpp; name = misc.cpp; path = Chess/misc.cpp; sourceTree = "<group>"; };
		1796006A11D393A60074E5B7 /* misc.h */ = {isa = PBXFileReference; fileEncoding = 4; lastKnownFileType = sourcecode.c.h; name = misc.h; path = Chess/misc.h; sourceTree = "<group>"; };
		1796006B11D393A60074E5B7 /* move.cpp */ = {isa = PBXFileReference; fileEncoding = 4; lastKnownFileType = sourcecode.cpp.cpp; name = move.cpp; path = Chess/move.cpp; sourceTree = "<group>"; };
		1796006C11D393A60074E5B7 /* move.h */ = {isa = PBXFileReference; fileEncoding = 4; lastKnownFileType = sourcecode.c.h; name = move.h; path = Chess/move.h; sourceTree = "<group>"; };
		1796006D11D393A60074E5B7 /* movegen.cpp */ = {isa = PBXFileReference; fileEncoding = 4; lastKnownFileType = sourcecode.cpp.cpp; name = movegen.cpp; path = Chess/movegen.cpp; sourceTree = "<group>"; };
		1796006E11D393A60074E5B7 /* movegen.h */ = {isa = PBXFileReference; fileEncoding = 4; lastKnownFileType = sourcecode.c.h; name = movegen.h; path = Chess/movegen.h; sourceTree = "<group>"; };
		1796006F11D393A60074E5B7 /* movepick.cpp */ = {isa = PBXFileReference; fileEncoding = 4; lastKnownFileType = sourcecode.cpp.cpp; name = movepick.cpp; path = Chess/movepick.cpp; sourceTree = "<group>"; };
		1796007011D393A60074E5B7 /* movepick.h */ = {isa = PBXFileReference; fileEncoding = 4; lastKnownFileType = sourcecode.c.h; name = movepick.h; path = Chess/movepick.h; sourceTree = "<group>"; };
		1796007111D393A60074E5B7 /* phase.h */ = {isa = PBXFileReference; fileEncoding = 4; lastKnownFileType = sourcecode.c.h; name = phase.h; path = Chess/phase.h; sourceTree = "<group>"; };
		1796007211D393A60074E5B7 /* piece.cpp */ = {isa = PBXFileReference; fileEncoding = 4; lastKnownFileType = sourcecode.cpp.cpp; name = piece.cpp; path = Chess/piece.cpp; sourceTree = "<group>"; };
		1796007311D393A60074E5B7 /* piece.h */ = {isa = PBXFileReference; fileEncoding = 4; lastKnownFileType = sourcecode.c.h; name = piece.h; path = Chess/piece.h; sourceTree = "<group>"; };
		1796007411D393A60074E5B7 /* position.cpp */ = {isa = PBXFileReference; fileEncoding = 4; lastKnownFileType = sourcecode.cpp.cpp; name = position.cpp; path = Chess/position.cpp; sourceTree = "<group>"; };
		1796007511D393A60074E5B7 /* position.h */ = {isa = PBXFileReference; fileEncoding = 4; lastKnownFileType = sourcecode.c.h; name = position.h; path = Chess/position.h; sourceTree = "<group>"; };
		1796007611D393A60074E5B7 /* psqtab.h */ = {isa = PBXFileReference; fileEncoding = 4; lastKnownFileType = sourcecode.c.h; name = psqtab.h; path = Chess/psqtab.h; sourceTree = "<group>"; };
		1796007711D393A60074E5B7 /* san.cpp */ = {isa = PBXFileReference; fileEncoding = 4; lastKnownFileType = sourcecode.cpp.cpp; name = san.cpp; path = Chess/san.cpp; sourceTree = "<group>"; };
		1796007811D393A60074E5B7 /* san.h */ = {isa = PBXFileReference; fileEncoding = 4; lastKnownFileType = sourcecode.c.h; name = san.h; path = Chess/san.h; sourceTree = "<group>"; };
		1796007911D393A60074E5B7 /* scale.h */ = {isa = PBXFileReference; fileEncoding = 4; lastKnownFileType = sourcecode.c.h; name = scale.h; path = Chess/scale.h; sourceTree = "<group>"; };
		1796007A11D393A60074E5B7 /* square.cpp */ = {isa = PBXFileReference; fileEncoding = 4; lastKnownFileType = sourcecode.cpp.cpp; name = square.cpp; path = Chess/square.cpp; sourceTree = "<group>"; };
		1796007B11D393A60074E5B7 /* square.h */ = {isa = PBXFileReference; fileEncoding = 4; lastKnownFileType = sourcecode.c.h; name = square.h; path = Chess/square.h; sourceTree = "<group>"; };
		1796007C11D393A60074E5B7 /* types.h */ = {isa = PBXFileReference; fileEncoding = 4; lastKnownFileType = sourcecode.c.h; name = types.h; path = Chess/types.h; sourceTree = "<group>"; };
		1796007D11D393A60074E5B7 /* value.cpp */ = {isa = PBXFileReference; fileEncoding = 4; lastKnownFileType = sourcecode.cpp.cpp; name = value.cpp; path = Chess/value.cpp; sourceTree = "<group>"; };
		1796007E11D393A60074E5B7 /* value.h */ = {isa = PBXFileReference; fileEncoding = 4; lastKnownFileType = sourcecode.c.h; name = value.h; path = Chess/value.h; sourceTree = "<group>"; };
		1796014811D3A5DD0074E5B7 /* Entitlements.plist */ = {isa = PBXFileReference; fileEncoding = 4; lastKnownFileType = text.plist.xml; path = Entitlements.plist; sourceTree = "<group>"; };
		1796FEA011D391570074E5B7 /* main.mm */ = {isa = PBXFileReference; fileEncoding = 4; lastKnownFileType = sourcecode.cpp.objcpp; path = main.mm; sourceTree = "<group>"; };
		1796FEF811D3921A0074E5B7 /* BoardView.h */ = {isa = PBXFileReference; fileEncoding = 4; lastKnownFileType = sourcecode.c.h; path = BoardView.h; sourceTree = "<group>"; };
		1796FEF911D3921A0074E5B7 /* BoardView.mm */ = {isa = PBXFileReference; fileEncoding = 4; lastKnownFileType = sourcecode.cpp.objcpp; path = BoardView.mm; sourceTree = "<group>"; };
		1796FEFA11D3921A0074E5B7 /* BoardViewController.h */ = {isa = PBXFileReference; fileEncoding = 4; lastKnownFileType = sourcecode.c.h; path = BoardViewController.h; sourceTree = "<group>"; };
		1796FEFB11D3921A0074E5B7 /* BoardViewController.mm */ = {isa = PBXFileReference; fileEncoding = 4; lastKnownFileType = sourcecode.cpp.objcpp; path = BoardViewController.mm; sourceTree = "<group>"; };
		1796FF0011D3921A0074E5B7 /* ChessMove.h */ = {isa = PBXFileReference; fileEncoding = 4; lastKnownFileType = sourcecode.c.h; path = ChessMove.h; sourceTree = "<group>"; };
		1796FF0111D3921A0074E5B7 /* ChessMove.mm */ = {isa = PBXFileReference; fileEncoding = 4; lastKnownFileType = sourcecode.cpp.objcpp; path = ChessMove.mm; sourceTree = "<group>"; };
		1796FF0811D3921A0074E5B7 /* EngineController.h */ = {isa = PBXFileReference; fileEncoding = 4; lastKnownFileType = sourcecode.c.h; path = EngineController.h; sourceTree = "<group>"; };
		1796FF0911D3921A0074E5B7 /* EngineController.mm */ = {isa = PBXFileReference; fileEncoding = 4; lastKnownFileType = sourcecode.cpp.objcpp; path = EngineController.mm; sourceTree = "<group>"; };
		1796FF0C11D3921A0074E5B7 /* Game.h */ = {isa = PBXFileReference; fileEncoding = 4; lastKnownFileType = sourcecode.c.h; path = Game.h; sourceTree = "<group>"; };
		1796FF0D11D3921A0074E5B7 /* Game.mm */ = {isa = PBXFileReference; fileEncoding = 4; lastKnownFileType = sourcecode.cpp.objcpp; path = Game.mm; sourceTree = "<group>"; };
		1796FF0E11D3921A0074E5B7 /* GameController.h */ = {isa = PBXFileReference; fileEncoding = 4; lastKnownFileType = sourcecode.c.h; path = GameController.h; sourceTree = "<group>"; };
		1796FF0F11D3921A0074E5B7 /* GameController.mm */ = {isa = PBXFileReference; fileEncoding = 4; lastKnownFileType = sourcecode.cpp.objcpp; path = GameController.mm; sourceTree = "<group>"; };
		1796FF1411D3921A0074E5B7 /* GameParser.h */ = {isa = PBXFileReference; fileEncoding = 4; lastKnownFileType = sourcecode.c.h; path = GameParser.h; sourceTree = "<group>"; };
		1796FF1511D3921A0074E5B7 /* GameParser.mm */ = {isa = PBXFileReference; fileEncoding = 4; lastKnownFileType = sourcecode.cpp.objcpp; path = GameParser.mm; sourceTree = "<group>"; };
		1796FF1811D3921A0074E5B7 /* AppDelegate.h */ = {isa = PBXFileReference; fileEncoding = 4; lastKnownFileType = sourcecode.c.h; path = AppDelegate.h; sourceTree = "<group>"; };
		1796FF1911D3921A0074E5B7 /* AppDelegate.mm */ = {isa = PBXFileReference; fileEncoding = 4; lastKnownFileType = sourcecode.cpp.objcpp; path = AppDelegate.mm; sourceTree = "<group>"; };
		1796FF1A11D3921A0074E5B7 /* HighlightedSquaresView.h */ = {isa = PBXFileReference; fileEncoding = 4; lastKnownFileType = sourcecode.c.h; path = HighlightedSquaresView.h; sourceTree = "<group>"; };
		1796FF1B11D3921A0074E5B7 /* HighlightedSquaresView.mm */ = {isa = PBXFileReference; fileEncoding = 4; lastKnownFileType = sourcecode.cpp.objcpp; path = HighlightedSquaresView.mm; sourceTree = "<group>"; };
		1796FF1C11D3921A0074E5B7 /* LastMoveView.h */ = {isa = PBXFileReference; fileEncoding = 4; lastKnownFileType = sourcecode.c.h; path = LastMoveView.h; sourceTree = "<group>"; };
		1796FF1D11D3921A0074E5B7 /* LastMoveView.mm */ = {isa = PBXFileReference; fileEncoding = 4; lastKnownFileType = sourcecode.cpp.objcpp; path = LastMoveView.mm; sourceTree = "<group>"; };
		1796FF2211D3921A0074E5B7 /* MoveListView.h */ = {isa = PBXFileReference; fileEncoding = 4; lastKnownFileType = sourcecode.c.h; path = MoveListView.h; sourceTree = "<group>"; };
		1796FF2311D3921A0074E5B7 /* MoveListView.mm */ = {isa = PBXFileReference; fileEncoding = 4; lastKnownFileType = sourcecode.cpp.objcpp; path = MoveListView.mm; sourceTree = "<group>"; };
		1796FF2411D3921A0074E5B7 /* OpeningBook.h */ = {isa = PBXFileReference; fileEncoding = 4; lastKnownFileType = sourcecode.c.h; path = OpeningBook.h; sourceTree = "<group>"; };
		1796FF2511D3921A0074E5B7 /* OpeningBook.mm */ = {isa = PBXFileReference; fileEncoding = 4; lastKnownFileType = sourcecode.cpp.objcpp; path = OpeningBook.mm; sourceTree = "<group>"; };
		1796FF2611D3921A0074E5B7 /* Options.h */ = {isa = PBXFileReference; fileEncoding = 4; lastKnownFileType = sourcecode.c.h; path = Options.h; sourceTree = "<group>"; };
		1796FF2711D3921A0074E5B7 /* Options.mm */ = {isa = PBXFileReference; fileEncoding = 4; lastKnownFileType = sourcecode.cpp.objcpp; path = Options.mm; sourceTree = "<group>"; };
		1796FF2A11D3921A0074E5B7 /* PGN.h */ = {isa = PBXFileReference; fileEncoding = 4; lastKnownFileType = sourcecode.c.h; path = PGN.h; sourceTree = "<group>"; };
		1796FF2B11D3921A0074E5B7 /* PGN.mm */ = {isa = PBXFileReference; fileEncoding = 4; lastKnownFileType = sourcecode.cpp.objcpp; path = PGN.mm; sourceTree = "<group>"; };
		1796FF2E11D3921A0074E5B7 /* PieceImageView.h */ = {isa = PBXFileReference; fileEncoding = 4; lastKnownFileType = sourcecode.c.h; path = PieceImageView.h; sourceTree = "<group>"; };
		1796FF2F11D3921A0074E5B7 /* PieceImageView.mm */ = {isa = PBXFileReference; fileEncoding = 4; lastKnownFileType = sourcecode.cpp.objcpp; path = PieceImageView.mm; sourceTree = "<group>"; };
		1796FF3211D3921A0074E5B7 /* Queue.h */ = {isa = PBXFileReference; fileEncoding = 4; lastKnownFileType = sourcecode.c.h; path = Queue.h; sourceTree = "<group>"; };
		1796FF3311D3921A0074E5B7 /* Queue.mm */ = {isa = PBXFileReference; fileEncoding = 4; lastKnownFileType = sourcecode.cpp.objcpp; path = Queue.mm; sourceTree = "<group>"; };
		1796FF3E11D3921A0074E5B7 /* RootView.h */ = {isa = PBXFileReference; fileEncoding = 4; lastKnownFileType = sourcecode.c.h; path = RootView.h; sourceTree = "<group>"; };
		1796FF3F11D3921A0074E5B7 /* RootView.mm */ = {isa = PBXFileReference; fileEncoding = 4; lastKnownFileType = sourcecode.cpp.objcpp; path = RootView.mm; sourceTree = "<group>"; };
		1796FF4211D3921A0074E5B7 /* SelectedPieceView.h */ = {isa = PBXFileReference; fileEncoding = 4; lastKnownFileType = sourcecode.c.h; path = SelectedPieceView.h; sourceTree = "<group>"; };
		1796FF4311D3921A0074E5B7 /* SelectedPieceView.mm */ = {isa = PBXFileReference; fileEncoding = 4; lastKnownFileType = sourcecode.cpp.objcpp; path = SelectedPieceView.mm; sourceTree = "<group>"; };
		1796FF4411D3921A0074E5B7 /* SelectedSquareView.h */ = {isa = PBXFileReference; fileEncoding = 4; lastKnownFileType = sourcecode.c.h; path = SelectedSquareView.h; sourceTree = "<group>"; };
		1796FF4511D3921A0074E5B7 /* SelectedSquareView.mm */ = {isa = PBXFileReference; fileEncoding = 4; lastKnownFileType = sourcecode.cpp.objcpp; path = SelectedSquareView.mm; sourceTree = "<group>"; };
		1796FF4611D3921A0074E5B7 /* SetupBoardView.h */ = {isa = PBXFileReference; fileEncoding = 4; lastKnownFileType = sourcecode.c.h; path = SetupBoardView.h; sourceTree = "<group>"; };
		1796FF4711D3921A0074E5B7 /* SetupBoardView.mm */ = {isa = PBXFileReference; fileEncoding = 4; lastKnownFileType = sourcecode.cpp.objcpp; path = SetupBoardView.mm; sourceTree = "<group>"; };
		1796FF4A11D3921A0074E5B7 /* SideToMoveController.h */ = {isa = PBXFileReference; fileEncoding = 4; lastKnownFileType = sourcecode.c.h; path = SideToMoveController.h; sourceTree = "<group>"; };
		1796FF4B11D3921A0074E5B7 /* SideToMoveController.mm */ = {isa = PBXFileReference; fileEncoding = 4; lastKnownFileType = sourcecode.cpp.objcpp; path = SideToMoveController.mm; sourceTree = "<group>"; };
		1799C31415DA7AEF0042DE41 /* ECO.h */ = {isa = PBXFileReference; fileEncoding = 4; lastKnownFileType = sourcecode.c.h; path = ECO.h; sourceTree = "<group>"; };
		1799C31515DA7AEF0042DE41 /* ECO.mm */ = {isa = PBXFileReference; fileEncoding = 4; lastKnownFileType = sourcecode.cpp.objcpp; path = ECO.mm; sourceTree = "<group>"; };
		17C81EE317E314FA00A47866 /* notation.cpp */ = {isa = PBXFileReference; fileEncoding = 4; lastKnownFileType = sourcecode.cpp.cpp; name = notation.cpp; path = Engine/notation.cpp; sourceTree = SOURCE_ROOT; };
		17C81EE417E314FA00A47866 /* notation.h */ = {isa = PBXFileReference; fileEncoding = 4; lastKnownFileType = sourcecode.c.h; name = notation.h; path = Engine/notation.h; sourceTree = SOURCE_ROOT; };
		17C81EE617E4835000A47866 /* QuartzCore.framework */ = {isa = PBXFileReference; lastKnownFileType = wrapper.framework; name = QuartzCore.framework; path = System/Library/Frameworks/QuartzCore.framework; sourceTree = SDKROOT; };
		17DC476E132B938B00C48450 /* CoordinatesView.h */ = {isa = PBXFileReference; fileEncoding = 4; lastKnownFileType = sourcecode.c.h; path = CoordinatesView.h; sourceTree = "<group>"; };
		17DC476F132B938B00C48450 /* CoordinatesView.mm */ = {isa = PBXFileReference; fileEncoding = 4; lastKnownFileType = sourcecode.cpp.objcpp; path = CoordinatesView.mm; sourceTree = "<group>"; };
		17DCB7DF15C54A2D005ADD54 /* benchmark.cpp */ = {isa = PBXFileReference; fileEncoding = 4; lastKnownFileType = sourcecode.cpp.cpp; name = benchmark.cpp; path = Engine/benchmark.cpp; sourceTree = SOURCE_ROOT; };
		17DCB7E015C54A2D005ADD54 /* bitbase.cpp */ = {isa = PBXFileReference; fileEncoding = 4; lastKnownFileType = sourcecode.cpp.cpp; name = bitbase.cpp; path = Engine/bitbase.cpp; sourceTree = SOURCE_ROOT; };
		17DCB7E115C54A2D005ADD54 /* bitboard.cpp */ = {isa = PBXFileReference; fileEncoding = 4; lastKnownFileType = sourcecode.cpp.cpp; name = bitboard.cpp; path = Engine/bitboard.cpp; sourceTree = SOURCE_ROOT; };
		17DCB7E215C54A2D005ADD54 /* bitboard.h */ = {isa = PBXFileReference; fileEncoding = 4; lastKnownFileType = sourcecode.c.h; name = bitboard.h; path = Engine/bitboard.h; sourceTree = SOURCE_ROOT; };
		17DCB7E315C54A2D005ADD54 /* bitcount.h */ = {isa = PBXFileReference; fileEncoding = 4; lastKnownFileType = sourcecode.c.h; name = bitcount.h; path = Engine/bitcount.h; sourceTree = SOURCE_ROOT; };
		17DCB7E415C54A2D005ADD54 /* book.cpp */ = {isa = PBXFileReference; fileEncoding = 4; lastKnownFileType = sourcecode.cpp.cpp; name = book.cpp; path = Engine/book.cpp; sourceTree = SOURCE_ROOT; };
		17DCB7E515C54A2D005ADD54 /* book.h */ = {isa = PBXFileReference; fileEncoding = 4; lastKnownFileType = sourcecode.c.h; name = book.h; path = Engine/book.h; sourceTree = SOURCE_ROOT; };
		17DCB7E615C54A2D005ADD54 /* endgame.cpp */ = {isa = PBXFileReference; fileEncoding = 4; lastKnownFileType = sourcecode.cpp.cpp; name = endgame.cpp; path = Engine/endgame.cpp; sourceTree = SOURCE_ROOT; };
		17DCB7E715C54A2D005ADD54 /* endgame.h */ = {isa = PBXFileReference; fileEncoding = 4; lastKnownFileType = sourcecode.c.h; name = endgame.h; path = Engine/endgame.h; sourceTree = SOURCE_ROOT; };
		17DCB7E815C54A2D005ADD54 /* evaluate.cpp */ = {isa = PBXFileReference; fileEncoding = 4; lastKnownFileType = sourcecode.cpp.cpp; name = evaluate.cpp; path = Engine/evaluate.cpp; sourceTree = SOURCE_ROOT; };
		17DCB7E915C54A2D005ADD54 /* evaluate.h */ = {isa = PBXFileReference; fileEncoding = 4; lastKnownFileType = sourcecode.c.h; name = evaluate.h; path = Engine/evaluate.h; sourceTree = SOURCE_ROOT; };
		17DCB7EB15C54A2D005ADD54 /* iphone.h */ = {isa = PBXFileReference; fileEncoding = 4; lastKnownFileType = sourcecode.c.h; name = iphone.h; path = Engine/iphone.h; sourceTree = SOURCE_ROOT; };
		17DCB7EC15C54A2D005ADD54 /* iphone.mm */ = {isa = PBXFileReference; fileEncoding = 4; lastKnownFileType = sourcecode.cpp.objcpp; name = iphone.mm; path = Engine/iphone.mm; sourceTree = SOURCE_ROOT; };
		17DCB7EE15C54A2D005ADD54 /* material.cpp */ = {isa = PBXFileReference; fileEncoding = 4; lastKnownFileType = sourcecode.cpp.cpp; name = material.cpp; path = Engine/material.cpp; sourceTree = SOURCE_ROOT; };
		17DCB7EF15C54A2D005ADD54 /* material.h */ = {isa = PBXFileReference; fileEncoding = 4; lastKnownFileType = sourcecode.c.h; name = material.h; path = Engine/material.h; sourceTree = SOURCE_ROOT; };
		17DCB7F015C54A2D005ADD54 /* misc.cpp */ = {isa = PBXFileReference; fileEncoding = 4; lastKnownFileType = sourcecode.cpp.cpp; name = misc.cpp; path = Engine/misc.cpp; sourceTree = SOURCE_ROOT; };
		17DCB7F115C54A2D005ADD54 /* misc.h */ = {isa = PBXFileReference; fileEncoding = 4; lastKnownFileType = sourcecode.c.h; name = misc.h; path = Engine/misc.h; sourceTree = SOURCE_ROOT; };
		17DCB7F315C54A2D005ADD54 /* movegen.cpp */ = {isa = PBXFileReference; fileEncoding = 4; lastKnownFileType = sourcecode.cpp.cpp; name = movegen.cpp; path = Engine/movegen.cpp; sourceTree = SOURCE_ROOT; };
		17DCB7F415C54A2D005ADD54 /* movegen.h */ = {isa = PBXFileReference; fileEncoding = 4; lastKnownFileType = sourcecode.c.h; name = movegen.h; path = Engine/movegen.h; sourceTree = SOURCE_ROOT; };
		17DCB7F515C54A2D005ADD54 /* movepick.cpp */ = {isa = PBXFileReference; fileEncoding = 4; lastKnownFileType = sourcecode.cpp.cpp; name = movepick.cpp; path = Engine/movepick.cpp; sourceTree = SOURCE_ROOT; };
		17DCB7F615C54A2D005ADD54 /* movepick.h */ = {isa = PBXFileReference; fileEncoding = 4; lastKnownFileType = sourcecode.c.h; name = movepick.h; path = Engine/movepick.h; sourceTree = SOURCE_ROOT; };
		17DCB7F715C54A2D005ADD54 /* pawns.cpp */ = {isa = PBXFileReference; fileEncoding = 4; lastKnownFileType = sourcecode.cpp.cpp; name = pawns.cpp; path = Engine/pawns.cpp; sourceTree = SOURCE_ROOT; };
		17DCB7F815C54A2D005ADD54 /* pawns.h */ = {isa = PBXFileReference; fileEncoding = 4; lastKnownFileType = sourcecode.c.h; name = pawns.h; path = Engine/pawns.h; sourceTree = SOURCE_ROOT; };
		17DCB7F915C54A2D005ADD54 /* position.cpp */ = {isa = PBXFileReference; fileEncoding = 4; lastKnownFileType = sourcecode.cpp.cpp; name = position.cpp; path = Engine/position.cpp; sourceTree = SOURCE_ROOT; };
		17DCB7FA15C54A2D005ADD54 /* position.h */ = {isa = PBXFileReference; fileEncoding = 4; lastKnownFileType = sourcecode.c.h; name = position.h; path = Engine/position.h; sourceTree = SOURCE_ROOT; };
		17DCB7FB15C54A2D005ADD54 /* psqtab.h */ = {isa = PBXFileReference; fileEncoding = 4; lastKnownFileType = sourcecode.c.h; name = psqtab.h; path = Engine/psqtab.h; sourceTree = SOURCE_ROOT; };
		17DCB7FC15C54A2D005ADD54 /* rkiss.h */ = {isa = PBXFileReference; fileEncoding = 4; lastKnownFileType = sourcecode.c.h; name = rkiss.h; path = Engine/rkiss.h; sourceTree = SOURCE_ROOT; };
		17DCB7FD15C54A2D005ADD54 /* search.cpp */ = {isa = PBXFileReference; fileEncoding = 4; lastKnownFileType = sourcecode.cpp.cpp; name = search.cpp; path = Engine/search.cpp; sourceTree = SOURCE_ROOT; };
		17DCB7FE15C54A2D005ADD54 /* search.h */ = {isa = PBXFileReference; fileEncoding = 4; lastKnownFileType = sourcecode.c.h; name = search.h; path = Engine/search.h; sourceTree = SOURCE_ROOT; };
		17DCB7FF15C54A2D005ADD54 /* thread.cpp */ = {isa = PBXFileReference; fileEncoding = 4; lastKnownFileType = sourcecode.cpp.cpp; name = thread.cpp; path = Engine/thread.cpp; sourceTree = SOURCE_ROOT; };
		17DCB80015C54A2D005ADD54 /* thread.h */ = {isa = PBXFileReference; fileEncoding = 4; lastKnownFileType = sourcecode.c.h; name = thread.h; path = Engine/thread.h; sourceTree = SOURCE_ROOT; };
		17DCB80115C54A2D005ADD54 /* timeman.cpp */ = {isa = PBXFileReference; fileEncoding = 4; lastKnownFileType = sourcecode.cpp.cpp; name = timeman.cpp; path = Engine/timeman.cpp; sourceTree = SOURCE_ROOT; };
		17DCB80215C54A2D005ADD54 /* timeman.h */ = {isa = PBXFileReference; fileEncoding = 4; lastKnownFileType = sourcecode.c.h; name = timeman.h; path = Engine/timeman.h; sourceTree = SOURCE_ROOT; };
		17DCB80315C54A2D005ADD54 /* tt.cpp */ = {isa = PBXFileReference; fileEncoding = 4; lastKnownFileType = sourcecode.cpp.cpp; name = tt.cpp; path = Engine/tt.cpp; sourceTree = SOURCE_ROOT; };
		17DCB80415C54A2D005ADD54 /* tt.h */ = {isa = PBXFileReference; fileEncoding = 4; lastKnownFileType = sourcecode.c.h; name = tt.h; path = Engine/tt.h; sourceTree = SOURCE_ROOT; };
		17DCB80515C54A2D005ADD54 /* types.h */ = {isa = PBXFileReference; fileEncoding = 4; lastKnownFileType = sourcecode.c.h; name = types.h; path = Engine/types.h; sourceTree = SOURCE_ROOT; };
		17DCB80615C54A2D005ADD54 /* uci.cpp */ = {isa = PBXFileReference; fileEncoding = 4; lastKnownFileType = sourcecode.cpp.cpp; name = uci.cpp; path = Engine/uci.cpp; sourceTree = SOURCE_ROOT; };
		17DCB80715C54A2D005ADD54 /* ucioption.cpp */ = {isa = PBXFileReference; fileEncoding = 4; lastKnownFileType = sourcecode.cpp.cpp; name = ucioption.cpp; path = Engine/ucioption.cpp; sourceTree = SOURCE_ROOT; };
		17DCB80815C54A2D005ADD54 /* ucioption.h */ = {isa = PBXFileReference; fileEncoding = 4; lastKnownFileType = sourcecode.c.h; name = ucioption.h; path = Engine/ucioption.h; sourceTree = SOURCE_ROOT; };
		1D30AB110D05D00D00671497 /* Foundation.framework */ = {isa = PBXFileReference; lastKnownFileType = wrapper.framework; name = Foundation.framework; path = System/Library/Frameworks/Foundation.framework; sourceTree = SDKROOT; };
		1D6058910D05DD3D006BFB54 /* Diagram.app */ = {isa = PBXFileReference; explicitFileType = wrapper.application; includeInIndex = 0; path = Diagram.app; sourceTree = BUILT_PRODUCTS_DIR; };
		1DF5F4DF0D08C38300B7A737 /* UIKit.framework */ = {isa = PBXFileReference; lastKnownFileType = wrapper.framework; name = UIKit.framework; path = System/Library/Frameworks/UIKit.framework; sourceTree = SDKROOT; };
		1E2D82161CE36E0F0082E001 /* images.xcassets */ = {isa = PBXFileReference; lastKnownFileType = folder.assetcatalog; path = images.xcassets; sourceTree = "<group>"; };
		1E2D82181CE6225B0082E001 /* iTunesArtwork.png */ = {isa = PBXFileReference; lastKnownFileType = image.png; path = iTunesArtwork.png; sourceTree = "<group>"; };
		1E2D82191CE6225B0082E001 /* iTunesArtwork@2x.png */ = {isa = PBXFileReference; lastKnownFileType = image.png; path = "iTunesArtwork@2x.png"; sourceTree = "<group>"; };
		1E788A0A1CD12DF200230ED1 /* SGActionView.h */ = {isa = PBXFileReference; fileEncoding = 4; lastKnownFileType = sourcecode.c.h; path = SGActionView.h; sourceTree = "<group>"; };
		1E788A0B1CD12DF200230ED1 /* SGActionView.m */ = {isa = PBXFileReference; fileEncoding = 4; lastKnownFileType = sourcecode.c.objc; path = SGActionView.m; sourceTree = "<group>"; };
		1E788A0C1CD12DF200230ED1 /* SGAlertMenu.h */ = {isa = PBXFileReference; fileEncoding = 4; lastKnownFileType = sourcecode.c.h; path = SGAlertMenu.h; sourceTree = "<group>"; };
		1E788A0D1CD12DF200230ED1 /* SGAlertMenu.m */ = {isa = PBXFileReference; fileEncoding = 4; lastKnownFileType = sourcecode.c.objc; path = SGAlertMenu.m; sourceTree = "<group>"; };
		1E788A0E1CD12DF200230ED1 /* SGBaseMenu.h */ = {isa = PBXFileReference; fileEncoding = 4; lastKnownFileType = sourcecode.c.h; path = SGBaseMenu.h; sourceTree = "<group>"; };
		1E788A0F1CD12DF200230ED1 /* SGBaseMenu.m */ = {isa = PBXFileReference; fileEncoding = 4; lastKnownFileType = sourcecode.c.objc; path = SGBaseMenu.m; sourceTree = "<group>"; };
		1E788A101CD12DF200230ED1 /* SGGridMenu.h */ = {isa = PBXFileReference; fileEncoding = 4; lastKnownFileType = sourcecode.c.h; path = SGGridMenu.h; sourceTree = "<group>"; };
		1E788A111CD12DF200230ED1 /* SGGridMenu.m */ = {isa = PBXFileReference; fileEncoding = 4; lastKnownFileType = sourcecode.c.objc; path = SGGridMenu.m; sourceTree = "<group>"; };
		1E788A121CD12DF200230ED1 /* SGSheetMenu.h */ = {isa = PBXFileReference; fileEncoding = 4; lastKnownFileType = sourcecode.c.h; path = SGSheetMenu.h; sourceTree = "<group>"; };
		1E788A131CD12DF200230ED1 /* SGSheetMenu.m */ = {isa = PBXFileReference; fileEncoding = 4; lastKnownFileType = sourcecode.c.objc; path = SGSheetMenu.m; sourceTree = "<group>"; };
		1EBC3E761CDB6F1100E9A896 /* HexColors.h */ = {isa = PBXFileReference; fileEncoding = 4; lastKnownFileType = sourcecode.c.h; path = HexColors.h; sourceTree = "<group>"; };
		1EBC3E771CDB6F1100E9A896 /* HexColors.m */ = {isa = PBXFileReference; fileEncoding = 4; lastKnownFileType = sourcecode.c.objc; path = HexColors.m; sourceTree = "<group>"; };
		1EBC3E791CDB77B500E9A896 /* constants.h */ = {isa = PBXFileReference; fileEncoding = 4; lastKnownFileType = sourcecode.c.h; path = constants.h; sourceTree = "<group>"; };
		1EBC3E7A1CDB77B500E9A896 /* constants.m */ = {isa = PBXFileReference; fileEncoding = 4; lastKnownFileType = sourcecode.c.objc; path = constants.m; sourceTree = "<group>"; };
		1EE176EE1CBFD23200DDAD41 /* ScanViewController.m */ = {isa = PBXFileReference; explicitFileType = sourcecode.cpp.objcpp; fileEncoding = 4; path = ScanViewController.m; sourceTree = "<group>"; };
		1EE176EF1CBFD23200DDAD41 /* ScanViewController.h */ = {isa = PBXFileReference; fileEncoding = 4; lastKnownFileType = sourcecode.c.h; path = ScanViewController.h; sourceTree = "<group>"; };
		1EE176F01CBFD23200DDAD41 /* MTBBarcodeScanner.h */ = {isa = PBXFileReference; fileEncoding = 4; lastKnownFileType = sourcecode.c.h; path = MTBBarcodeScanner.h; sourceTree = "<group>"; };
		1EE176F11CBFD23200DDAD41 /* MTBBarcodeScanner.m */ = {isa = PBXFileReference; fileEncoding = 4; lastKnownFileType = sourcecode.c.objc; path = MTBBarcodeScanner.m; sourceTree = "<group>"; };
		1EE176F41CBFD42C00DDAD41 /* AVFoundation.framework */ = {isa = PBXFileReference; lastKnownFileType = wrapper.framework; name = AVFoundation.framework; path = System/Library/Frameworks/AVFoundation.framework; sourceTree = SDKROOT; };
		288765FC0DF74451002DB57D /* CoreGraphics.framework */ = {isa = PBXFileReference; lastKnownFileType = wrapper.framework; name = CoreGraphics.framework; path = System/Library/Frameworks/CoreGraphics.framework; sourceTree = SDKROOT; };
		32CA4F630368D1EE00C91783 /* Diagram_Prefix.pch */ = {isa = PBXFileReference; fileEncoding = 4; lastKnownFileType = sourcecode.c.h; path = Diagram_Prefix.pch; sourceTree = "<group>"; };
		3669E10D3A8EE40F981232B6 /* ColorUtils.mm */ = {isa = PBXFileReference; fileEncoding = 4; lastKnownFileType = sourcecode.cpp.objcpp; path = ColorUtils.mm; sourceTree = "<group>"; };
		3669E8F40602BE7AC99B4F60 /* ColorUtils.h */ = {isa = PBXFileReference; fileEncoding = 4; lastKnownFileType = sourcecode.c.h; path = ColorUtils.h; sourceTree = "<group>"; };
		8D1107310486CEB800E47090 /* Diagram-Info.plist */ = {isa = PBXFileReference; fileEncoding = 4; lastKnownFileType = text.plist.xml; path = "Diagram-Info.plist"; plistStructureDefinitionIdentifier = "com.apple.xcode.plist.structure-definition.iphone.info-plist"; sourceTree = "<group>"; };
		AF99DD8C1D2EF35000505795 /* book.bin */ = {isa = PBXFileReference; lastKnownFileType = archive.macbinary; path = book.bin; sourceTree = "<group>"; };
		AF99DD8D1D2EF35000505795 /* eco.txt */ = {isa = PBXFileReference; fileEncoding = 4; lastKnownFileType = text; path = eco.txt; sourceTree = "<group>"; };
/* End PBXFileReference section */

/* Begin PBXFrameworksBuildPhase section */
		1D60588F0D05DD3D006BFB54 /* Frameworks */ = {
			isa = PBXFrameworksBuildPhase;
			buildActionMask = 2147483647;
			files = (
				1EE176F51CBFD42C00DDAD41 /* AVFoundation.framework in Frameworks */,
				17C81EE717E4835000A47866 /* QuartzCore.framework in Frameworks */,
				1D60589F0D05DD5A006BFB54 /* Foundation.framework in Frameworks */,
				1DF5F4E00D08C38300B7A737 /* UIKit.framework in Frameworks */,
				288765FD0DF74451002DB57D /* CoreGraphics.framework in Frameworks */,
				1796004F11D393270074E5B7 /* AudioToolbox.framework in Frameworks */,
			);
			runOnlyForDeploymentPostprocessing = 0;
		};
/* End PBXFrameworksBuildPhase section */

/* Begin PBXGroup section */
		080E96DDFE201D6D7F000001 /* Classes */ = {
			isa = PBXGroup;
			children = (
				1EBC3E751CDB6F1100E9A896 /* HexColors */,
				1E788A091CD12DF200230ED1 /* SGActionView */,
				1EE176E71CBFD18300DDAD41 /* Scanner */,
				1773011C17EDB10200CB6DD3 /* AnimatedGameView.h */,
				1773011D17EDB10200CB6DD3 /* AnimatedGameView.mm */,
				1796FF1811D3921A0074E5B7 /* AppDelegate.h */,
				1796FF1911D3921A0074E5B7 /* AppDelegate.mm */,
				17560C9F1336310200466B87 /* BoardPreview.h */,
				17560CA01336310200466B87 /* BoardPreview.mm */,
				1796FEF811D3921A0074E5B7 /* BoardView.h */,
				1796FEF911D3921A0074E5B7 /* BoardView.mm */,
				1796FEFA11D3921A0074E5B7 /* BoardViewController.h */,
				1796FEFB11D3921A0074E5B7 /* BoardViewController.mm */,
				1796FF0011D3921A0074E5B7 /* ChessMove.h */,
				1796FF0111D3921A0074E5B7 /* ChessMove.mm */,
				3669E8F40602BE7AC99B4F60 /* ColorUtils.h */,
				3669E10D3A8EE40F981232B6 /* ColorUtils.mm */,
				17DC476E132B938B00C48450 /* CoordinatesView.h */,
				17DC476F132B938B00C48450 /* CoordinatesView.mm */,
				1799C31415DA7AEF0042DE41 /* ECO.h */,
				1799C31515DA7AEF0042DE41 /* ECO.mm */,
				1796FF0811D3921A0074E5B7 /* EngineController.h */,
				1796FF0911D3921A0074E5B7 /* EngineController.mm */,
				1796FF0C11D3921A0074E5B7 /* Game.h */,
				1796FF0D11D3921A0074E5B7 /* Game.mm */,
				1796FF0E11D3921A0074E5B7 /* GameController.h */,
				1796FF0F11D3921A0074E5B7 /* GameController.mm */,
				1796FF1411D3921A0074E5B7 /* GameParser.h */,
				1796FF1511D3921A0074E5B7 /* GameParser.mm */,
				1796FF1A11D3921A0074E5B7 /* HighlightedSquaresView.h */,
				1796FF1B11D3921A0074E5B7 /* HighlightedSquaresView.mm */,
				1796FF1C11D3921A0074E5B7 /* LastMoveView.h */,
				1796FF1D11D3921A0074E5B7 /* LastMoveView.mm */,
				1796FF2211D3921A0074E5B7 /* MoveListView.h */,
				1796FF2311D3921A0074E5B7 /* MoveListView.mm */,
				1796FF2411D3921A0074E5B7 /* OpeningBook.h */,
				1796FF2511D3921A0074E5B7 /* OpeningBook.mm */,
				1796FF2611D3921A0074E5B7 /* Options.h */,
				1796FF2711D3921A0074E5B7 /* Options.mm */,
				1796FF2A11D3921A0074E5B7 /* PGN.h */,
				1796FF2B11D3921A0074E5B7 /* PGN.mm */,
				1796FF2E11D3921A0074E5B7 /* PieceImageView.h */,
				1796FF2F11D3921A0074E5B7 /* PieceImageView.mm */,
				1773FD6917E78C0B00CB6DD3 /* PiecePreview.h */,
				1773FD6A17E78C0B00CB6DD3 /* PiecePreview.mm */,
				1796FF3211D3921A0074E5B7 /* Queue.h */,
				1796FF3311D3921A0074E5B7 /* Queue.mm */,
				1796FF3E11D3921A0074E5B7 /* RootView.h */,
				1796FF3F11D3921A0074E5B7 /* RootView.mm */,
				1796FF4211D3921A0074E5B7 /* SelectedPieceView.h */,
				1796FF4311D3921A0074E5B7 /* SelectedPieceView.mm */,
				1796FF4411D3921A0074E5B7 /* SelectedSquareView.h */,
				1796FF4511D3921A0074E5B7 /* SelectedSquareView.mm */,
				1796FF4611D3921A0074E5B7 /* SetupBoardView.h */,
				1796FF4711D3921A0074E5B7 /* SetupBoardView.mm */,
				1796FF4A11D3921A0074E5B7 /* SideToMoveController.h */,
				1796FF4B11D3921A0074E5B7 /* SideToMoveController.mm */,
				1740653318DB5DD5000C4C74 /* Util.h */,
				1740653418DB5DD5000C4C74 /* Util.mm */,
			);
			path = Classes;
			sourceTree = "<group>";
		};
		1796004911D392E90074E5B7 /* HTML */ = {
			isa = PBXGroup;
			children = (
				1796004A11D392F20074E5B7 /* about.html */,
				178855BA17F4D6A90000B15B /* style.css */,
				172117AF1438A53C0065C2B1 /* movelist.js */,
				172117B2143E12B60065C2B1 /* movelist-ipad.css */,
				172117B3143E12B60065C2B1 /* movelist-iphone.css */,
			);
			name = HTML;
			sourceTree = "<group>";
		};
		1796005911D3938F0074E5B7 /* Chess */ = {
			isa = PBXGroup;
			children = (
				1796005D11D393A60074E5B7 /* bitboard.cpp */,
				1796005E11D393A60074E5B7 /* bitboard.h */,
				1796005F11D393A60074E5B7 /* book.cpp */,
				1796006011D393A60074E5B7 /* book.h */,
				1796006111D393A60074E5B7 /* color.cpp */,
				1796006211D393A60074E5B7 /* color.h */,
				1796006311D393A60074E5B7 /* depth.h */,
				1796006411D393A60074E5B7 /* direction.cpp */,
				1796006511D393A60074E5B7 /* direction.h */,
				1796006611D393A60074E5B7 /* lock.h */,
				1796006711D393A60074E5B7 /* mersenne.cpp */,
				1796006811D393A60074E5B7 /* mersenne.h */,
				1796006911D393A60074E5B7 /* misc.cpp */,
				1796006A11D393A60074E5B7 /* misc.h */,
				1796006B11D393A60074E5B7 /* move.cpp */,
				1796006C11D393A60074E5B7 /* move.h */,
				1796006D11D393A60074E5B7 /* movegen.cpp */,
				1796006E11D393A60074E5B7 /* movegen.h */,
				1796006F11D393A60074E5B7 /* movepick.cpp */,
				1796007011D393A60074E5B7 /* movepick.h */,
				1796007111D393A60074E5B7 /* phase.h */,
				1796007211D393A60074E5B7 /* piece.cpp */,
				1796007311D393A60074E5B7 /* piece.h */,
				1796007411D393A60074E5B7 /* position.cpp */,
				1796007511D393A60074E5B7 /* position.h */,
				1796007611D393A60074E5B7 /* psqtab.h */,
				1796007711D393A60074E5B7 /* san.cpp */,
				1796007811D393A60074E5B7 /* san.h */,
				1796007911D393A60074E5B7 /* scale.h */,
				1796007A11D393A60074E5B7 /* square.cpp */,
				1796007B11D393A60074E5B7 /* square.h */,
				1796007C11D393A60074E5B7 /* types.h */,
				1796007D11D393A60074E5B7 /* value.cpp */,
				1796007E11D393A60074E5B7 /* value.h */,
			);
			name = Chess;
			sourceTree = "<group>";
		};
		1796FEA511D3916D0074E5B7 /* Engine */ = {
			isa = PBXGroup;
			children = (
				17DCB7DF15C54A2D005ADD54 /* benchmark.cpp */,
				17DCB7E015C54A2D005ADD54 /* bitbase.cpp */,
				17DCB7E115C54A2D005ADD54 /* bitboard.cpp */,
				17DCB7E215C54A2D005ADD54 /* bitboard.h */,
				17DCB7E315C54A2D005ADD54 /* bitcount.h */,
				17DCB7E415C54A2D005ADD54 /* book.cpp */,
				17DCB7E515C54A2D005ADD54 /* book.h */,
				17DCB7E615C54A2D005ADD54 /* endgame.cpp */,
				17DCB7E715C54A2D005ADD54 /* endgame.h */,
				17DCB7E815C54A2D005ADD54 /* evaluate.cpp */,
				17DCB7E915C54A2D005ADD54 /* evaluate.h */,
				17DCB7EB15C54A2D005ADD54 /* iphone.h */,
				17DCB7EC15C54A2D005ADD54 /* iphone.mm */,
				17DCB7EE15C54A2D005ADD54 /* material.cpp */,
				17DCB7EF15C54A2D005ADD54 /* material.h */,
				17DCB7F015C54A2D005ADD54 /* misc.cpp */,
				17DCB7F115C54A2D005ADD54 /* misc.h */,
				17DCB7F315C54A2D005ADD54 /* movegen.cpp */,
				17DCB7F415C54A2D005ADD54 /* movegen.h */,
				17DCB7F515C54A2D005ADD54 /* movepick.cpp */,
				17DCB7F615C54A2D005ADD54 /* movepick.h */,
				17C81EE317E314FA00A47866 /* notation.cpp */,
				17C81EE417E314FA00A47866 /* notation.h */,
				17DCB7F715C54A2D005ADD54 /* pawns.cpp */,
				17DCB7F815C54A2D005ADD54 /* pawns.h */,
				17DCB7F915C54A2D005ADD54 /* position.cpp */,
				17DCB7FA15C54A2D005ADD54 /* position.h */,
				17DCB7FB15C54A2D005ADD54 /* psqtab.h */,
				17DCB7FC15C54A2D005ADD54 /* rkiss.h */,
				17DCB7FD15C54A2D005ADD54 /* search.cpp */,
				17DCB7FE15C54A2D005ADD54 /* search.h */,
				17DCB7FF15C54A2D005ADD54 /* thread.cpp */,
				17DCB80015C54A2D005ADD54 /* thread.h */,
				17DCB80115C54A2D005ADD54 /* timeman.cpp */,
				17DCB80215C54A2D005ADD54 /* timeman.h */,
				17DCB80315C54A2D005ADD54 /* tt.cpp */,
				17DCB80415C54A2D005ADD54 /* tt.h */,
				17DCB80515C54A2D005ADD54 /* types.h */,
				17DCB80615C54A2D005ADD54 /* uci.cpp */,
				17DCB80715C54A2D005ADD54 /* ucioption.cpp */,
				17DCB80815C54A2D005ADD54 /* ucioption.h */,
			);
			name = Engine;
			path = Classes;
			sourceTree = "<group>";
		};
		1796FF8011D3924E0074E5B7 /* Images */ = {
			isa = PBXGroup;
			children = (
				1773FD8A17EC9A7B00CB6DD3 /* AlphaBBishop.png */,
				1773FD8B17EC9A7C00CB6DD3 /* AlphaBBishop@2x.png */,
				177F560719DB012D001D2F20 /* AlphaBBishop@3x.png */,
				1773FD8C17EC9A7C00CB6DD3 /* AlphaBKing.png */,
				1773FD8D17EC9A7C00CB6DD3 /* AlphaBKing@2x.png */,
				177F560819DB012D001D2F20 /* AlphaBKing@3x.png */,
				1773FD8E17EC9A7C00CB6DD3 /* AlphaBKnight.png */,
				1773FD8F17EC9A7C00CB6DD3 /* AlphaBKnight@2x.png */,
				177F560919DB012D001D2F20 /* AlphaBKnight@3x.png */,
				1773FD9017EC9A7C00CB6DD3 /* AlphaBPawn.png */,
				1773FD9117EC9A7C00CB6DD3 /* AlphaBPawn@2x.png */,
				177F560A19DB012D001D2F20 /* AlphaBPawn@3x.png */,
				1773FD9217EC9A7C00CB6DD3 /* AlphaBQueen.png */,
				1773FD9317EC9A7C00CB6DD3 /* AlphaBQueen@2x.png */,
				177F560B19DB012D001D2F20 /* AlphaBQueen@3x.png */,
				1773FD9417EC9A7C00CB6DD3 /* AlphaBRook.png */,
				1773FD9517EC9A7C00CB6DD3 /* AlphaBRook@2x.png */,
				177F560C19DB012D001D2F20 /* AlphaBRook@3x.png */,
				1773FD9617EC9A7C00CB6DD3 /* AlphaWBishop.png */,
				1773FD9717EC9A7C00CB6DD3 /* AlphaWBishop@2x.png */,
				177F560D19DB012D001D2F20 /* AlphaWBishop@3x.png */,
				1773FD9817EC9A7C00CB6DD3 /* AlphaWKing.png */,
				1773FD9917EC9A7C00CB6DD3 /* AlphaWKing@2x.png */,
				177F560E19DB012D001D2F20 /* AlphaWKing@3x.png */,
				1773FD9A17EC9A7C00CB6DD3 /* AlphaWKnight.png */,
				1773FD9B17EC9A7C00CB6DD3 /* AlphaWKnight@2x.png */,
				177F560F19DB012D001D2F20 /* AlphaWKnight@3x.png */,
				1773FD9C17EC9A7C00CB6DD3 /* AlphaWPawn.png */,
				1773FD9D17EC9A7C00CB6DD3 /* AlphaWPawn@2x.png */,
				177F561019DB012D001D2F20 /* AlphaWPawn@3x.png */,
				1773FD9E17EC9A7C00CB6DD3 /* AlphaWQueen.png */,
				1773FD9F17EC9A7C00CB6DD3 /* AlphaWQueen@2x.png */,
				177F561119DB012D001D2F20 /* AlphaWQueen@3x.png */,
				1773FDA017EC9A7C00CB6DD3 /* AlphaWRook.png */,
				1773FDA117EC9A7C00CB6DD3 /* AlphaWRook@2x.png */,
				177F561219DB012D001D2F20 /* AlphaWRook@3x.png */,
			);
			name = Images;
			sourceTree = "<group>";
		};
		19C28FACFE9D520D11CA2CBB /* Products */ = {
			isa = PBXGroup;
			children = (
				1D6058910D05DD3D006BFB54 /* Diagram.app */,
			);
			name = Products;
			sourceTree = "<group>";
		};
		1E788A091CD12DF200230ED1 /* SGActionView */ = {
			isa = PBXGroup;
			children = (
				1E788A0A1CD12DF200230ED1 /* SGActionView.h */,
				1E788A0B1CD12DF200230ED1 /* SGActionView.m */,
				1E788A0C1CD12DF200230ED1 /* SGAlertMenu.h */,
				1E788A0D1CD12DF200230ED1 /* SGAlertMenu.m */,
				1E788A0E1CD12DF200230ED1 /* SGBaseMenu.h */,
				1E788A0F1CD12DF200230ED1 /* SGBaseMenu.m */,
				1E788A101CD12DF200230ED1 /* SGGridMenu.h */,
				1E788A111CD12DF200230ED1 /* SGGridMenu.m */,
				1E788A121CD12DF200230ED1 /* SGSheetMenu.h */,
				1E788A131CD12DF200230ED1 /* SGSheetMenu.m */,
			);
			path = SGActionView;
			sourceTree = "<group>";
		};
		1EBC3E751CDB6F1100E9A896 /* HexColors */ = {
			isa = PBXGroup;
			children = (
				1EBC3E761CDB6F1100E9A896 /* HexColors.h */,
				1EBC3E771CDB6F1100E9A896 /* HexColors.m */,
				1EBC3E791CDB77B500E9A896 /* constants.h */,
				1EBC3E7A1CDB77B500E9A896 /* constants.m */,
			);
			name = HexColors;
			path = classes/HexColors;
			sourceTree = SOURCE_ROOT;
		};
		1EE176E71CBFD18300DDAD41 /* Scanner */ = {
			isa = PBXGroup;
			children = (
				1EE176EF1CBFD23200DDAD41 /* ScanViewController.h */,
				1EE176EE1CBFD23200DDAD41 /* ScanViewController.m */,
				1EE176F01CBFD23200DDAD41 /* MTBBarcodeScanner.h */,
				1EE176F11CBFD23200DDAD41 /* MTBBarcodeScanner.m */,
			);
			path = Scanner;
			sourceTree = "<group>";
		};
		29B97314FDCFA39411CA2CEA /* CustomTemplate */ = {
			isa = PBXGroup;
			children = (
				1729521219DC6B66008E9803 /* Launch Screen.xib */,
				1796005911D3938F0074E5B7 /* Chess */,
				080E96DDFE201D6D7F000001 /* Classes */,
				1796FEA511D3916D0074E5B7 /* Engine */,
				29B97315FDCFA39411CA2CEA /* Other Sources */,
				29B97317FDCFA39411CA2CEA /* Resources */,
				29B97323FDCFA39411CA2CEA /* Frameworks */,
				19C28FACFE9D520D11CA2CBB /* Products */,
				1796014811D3A5DD0074E5B7 /* Entitlements.plist */,
			);
			name = CustomTemplate;
			sourceTree = "<group>";
		};
		29B97315FDCFA39411CA2CEA /* Other Sources */ = {
			isa = PBXGroup;
			children = (
				32CA4F630368D1EE00C91783 /* Diagram_Prefix.pch */,
				1796FEA011D391570074E5B7 /* main.mm */,
			);
			name = "Other Sources";
			sourceTree = "<group>";
		};
		29B97317FDCFA39411CA2CEA /* Resources */ = {
			isa = PBXGroup;
			children = (
				1E2D82161CE36E0F0082E001 /* images.xcassets */,
				1796004911D392E90074E5B7 /* HTML */,
				1796FF8011D3924E0074E5B7 /* Images */,
				8D1107310486CEB800E47090 /* Diagram-Info.plist */,
				1E2D82181CE6225B0082E001 /* iTunesArtwork.png */,
				1E2D82191CE6225B0082E001 /* iTunesArtwork@2x.png */,
				AF99DD8C1D2EF35000505795 /* book.bin */,
				AF99DD8D1D2EF35000505795 /* eco.txt */,
			);
			name = Resources;
			sourceTree = "<group>";
		};
		29B97323FDCFA39411CA2CEA /* Frameworks */ = {
			isa = PBXGroup;
			children = (
				1EE176F41CBFD42C00DDAD41 /* AVFoundation.framework */,
				17C81EE617E4835000A47866 /* QuartzCore.framework */,
				1DF5F4DF0D08C38300B7A737 /* UIKit.framework */,
				1D30AB110D05D00D00671497 /* Foundation.framework */,
				288765FC0DF74451002DB57D /* CoreGraphics.framework */,
				1796004E11D393270074E5B7 /* AudioToolbox.framework */,
			);
			name = Frameworks;
			sourceTree = "<group>";
		};
/* End PBXGroup section */

/* Begin PBXNativeTarget section */
		1D6058900D05DD3D006BFB54 /* Diagram */ = {
			isa = PBXNativeTarget;
			buildConfigurationList = 1D6058960D05DD3E006BFB54 /* Build configuration list for PBXNativeTarget "Diagram" */;
			buildPhases = (
				1D60588D0D05DD3D006BFB54 /* Resources */,
				1D60588E0D05DD3D006BFB54 /* Sources */,
				1D60588F0D05DD3D006BFB54 /* Frameworks */,
			);
			buildRules = (
			);
			dependencies = (
			);
			name = Diagram;
			productName = Glaurung;
			productReference = 1D6058910D05DD3D006BFB54 /* Diagram.app */;
			productType = "com.apple.product-type.application";
		};
/* End PBXNativeTarget section */

/* Begin PBXProject section */
		29B97313FDCFA39411CA2CEA /* Project object */ = {
			isa = PBXProject;
			attributes = {
				LastUpgradeCheck = 0510;
				TargetAttributes = {
					1D6058900D05DD3D006BFB54 = {
						DevelopmentTeam = G48Q3P557S;
					};
				};
			};
			buildConfigurationList = C01FCF4E08A954540054247B /* Build configuration list for PBXProject "Diagram" */;
			compatibilityVersion = "Xcode 3.2";
			developmentRegion = English;
			hasScannedForEncodings = 1;
			knownRegions = (
				English,
				Japanese,
				French,
				German,
			);
			mainGroup = 29B97314FDCFA39411CA2CEA /* CustomTemplate */;
			projectDirPath = "";
			projectRoot = "";
			targets = (
				1D6058900D05DD3D006BFB54 /* Diagram */,
			);
		};
/* End PBXProject section */

/* Begin PBXResourcesBuildPhase section */
		1D60588D0D05DD3D006BFB54 /* Resources */ = {
			isa = PBXResourcesBuildPhase;
			buildActionMask = 2147483647;
			files = (
				1773FE8D17EC9A7D00CB6DD3 /* AlphaWQueen.png in Resources */,
				177F564219DB012D001D2F20 /* AlphaWRook@3x.png in Resources */,
				1773FE8917EC9A7D00CB6DD3 /* AlphaWKnight.png in Resources */,
				1773FE8417EC9A7D00CB6DD3 /* AlphaBRook@2x.png in Resources */,
				1773FE7E17EC9A7D00CB6DD3 /* AlphaBKnight@2x.png in Resources */,
				177F563A19DB012D001D2F20 /* AlphaBPawn@3x.png in Resources */,
				1773FE8017EC9A7D00CB6DD3 /* AlphaBPawn@2x.png in Resources */,
				1796004C11D392F20074E5B7 /* about.html in Resources */,
				177F564019DB012D001D2F20 /* AlphaWPawn@3x.png in Resources */,
				1773FE8B17EC9A7D00CB6DD3 /* AlphaWPawn.png in Resources */,
				1773FE7F17EC9A7D00CB6DD3 /* AlphaBPawn.png in Resources */,
				1773FE9017EC9A7D00CB6DD3 /* AlphaWRook@2x.png in Resources */,
				177F563719DB012D001D2F20 /* AlphaBBishop@3x.png in Resources */,
				1773FE8817EC9A7D00CB6DD3 /* AlphaWKing@2x.png in Resources */,
				1E2D82171CE36E0F0082E001 /* images.xcassets in Resources */,
				177F564119DB012D001D2F20 /* AlphaWQueen@3x.png in Resources */,
				1773FE7C17EC9A7D00CB6DD3 /* AlphaBKing@2x.png in Resources */,
				1773FE8A17EC9A7D00CB6DD3 /* AlphaWKnight@2x.png in Resources */,
				1773FE7D17EC9A7D00CB6DD3 /* AlphaBKnight.png in Resources */,
				1773FE8117EC9A7D00CB6DD3 /* AlphaBQueen.png in Resources */,
				1773FE8E17EC9A7D00CB6DD3 /* AlphaWQueen@2x.png in Resources */,
				172117B11438AA960065C2B1 /* movelist.js in Resources */,
				172117B4143E12B60065C2B1 /* movelist-ipad.css in Resources */,
				172117B5143E12B60065C2B1 /* movelist-iphone.css in Resources */,
				1E2D821B1CE6225B0082E001 /* iTunesArtwork@2x.png in Resources */,
				177F563D19DB012D001D2F20 /* AlphaWBishop@3x.png in Resources */,
				1E2D821A1CE6225B0082E001 /* iTunesArtwork.png in Resources */,
				1773FE7A17EC9A7D00CB6DD3 /* AlphaBBishop@2x.png in Resources */,
				178855BB17F4D6A90000B15B /* style.css in Resources */,
				1773FE8517EC9A7D00CB6DD3 /* AlphaWBishop.png in Resources */,
				1773FE7B17EC9A7D00CB6DD3 /* AlphaBKing.png in Resources */,
				1773FE8317EC9A7D00CB6DD3 /* AlphaBRook.png in Resources */,
				AF99DD8F1D2EF35000505795 /* eco.txt in Resources */,
				1773FE8F17EC9A7D00CB6DD3 /* AlphaWRook.png in Resources */,
				177F563B19DB012D001D2F20 /* AlphaBQueen@3x.png in Resources */,
				1773FE8717EC9A7D00CB6DD3 /* AlphaWKing.png in Resources */,
				1729521319DC6B66008E9803 /* Launch Screen.xib in Resources */,
				177F563F19DB012D001D2F20 /* AlphaWKnight@3x.png in Resources */,
				177F563819DB012D001D2F20 /* AlphaBKing@3x.png in Resources */,
				1773FE7917EC9A7D00CB6DD3 /* AlphaBBishop.png in Resources */,
				1773FE8217EC9A7D00CB6DD3 /* AlphaBQueen@2x.png in Resources */,
				AF99DD8E1D2EF35000505795 /* book.bin in Resources */,
				177F563E19DB012D001D2F20 /* AlphaWKing@3x.png in Resources */,
				177F563C19DB012D001D2F20 /* AlphaBRook@3x.png in Resources */,
				1773FE8617EC9A7D00CB6DD3 /* AlphaWBishop@2x.png in Resources */,
				1773FE8C17EC9A7D00CB6DD3 /* AlphaWPawn@2x.png in Resources */,
				177F563919DB012D001D2F20 /* AlphaBKnight@3x.png in Resources */,
			);
			runOnlyForDeploymentPostprocessing = 0;
		};
/* End PBXResourcesBuildPhase section */

/* Begin PBXSourcesBuildPhase section */
		1D60588E0D05DD3D006BFB54 /* Sources */ = {
			isa = PBXSourcesBuildPhase;
			buildActionMask = 2147483647;
			files = (
				1796FEA111D391570074E5B7 /* main.mm in Sources */,
				1773011E17EDB10200CB6DD3 /* AnimatedGameView.mm in Sources */,
				17C81EE517E314FA00A47866 /* notation.cpp in Sources */,
				1796FF5311D3921A0074E5B7 /* BoardView.mm in Sources */,
				1796FF5411D3921A0074E5B7 /* BoardViewController.mm in Sources */,
				1E788A171CD12DF200230ED1 /* SGGridMenu.m in Sources */,
				1796FF5711D3921A0074E5B7 /* ChessMove.mm in Sources */,
				1E788A181CD12DF200230ED1 /* SGSheetMenu.m in Sources */,
				1E788A141CD12DF200230ED1 /* SGActionView.m in Sources */,
				1796FF5B11D3921A0074E5B7 /* EngineController.mm in Sources */,
				1796FF5D11D3921A0074E5B7 /* Game.mm in Sources */,
				1796FF5E11D3921A0074E5B7 /* GameController.mm in Sources */,
				1E788A161CD12DF200230ED1 /* SGBaseMenu.m in Sources */,
				1796FF6111D3921A0074E5B7 /* GameParser.mm in Sources */,
				1796FF6311D3921A0074E5B7 /* AppDelegate.mm in Sources */,
				1796FF6411D3921A0074E5B7 /* HighlightedSquaresView.mm in Sources */,
				1796FF6511D3921A0074E5B7 /* LastMoveView.mm in Sources */,
				1796FF6811D3921A0074E5B7 /* MoveListView.mm in Sources */,
				1796FF6911D3921A0074E5B7 /* OpeningBook.mm in Sources */,
				1796FF6A11D3921A0074E5B7 /* Options.mm in Sources */,
				1796FF6C11D3921A0074E5B7 /* PGN.mm in Sources */,
				1796FF6E11D3921A0074E5B7 /* PieceImageView.mm in Sources */,
				1796FF7011D3921A0074E5B7 /* Queue.mm in Sources */,
				1796FF7611D3921A0074E5B7 /* RootView.mm in Sources */,
				1796FF7811D3921A0074E5B7 /* SelectedPieceView.mm in Sources */,
				1796FF7911D3921A0074E5B7 /* SelectedSquareView.mm in Sources */,
				1796FF7A11D3921A0074E5B7 /* SetupBoardView.mm in Sources */,
				1796FF7C11D3921A0074E5B7 /* SideToMoveController.mm in Sources */,
				1740653518DB5DD5000C4C74 /* Util.mm in Sources */,
				1773FD6B17E78C0B00CB6DD3 /* PiecePreview.mm in Sources */,
				1E788A151CD12DF200230ED1 /* SGAlertMenu.m in Sources */,
				1796008011D393A60074E5B7 /* bitboard.cpp in Sources */,
				1796008111D393A60074E5B7 /* book.cpp in Sources */,
				1796008211D393A60074E5B7 /* color.cpp in Sources */,
				1796008311D393A60074E5B7 /* direction.cpp in Sources */,
				1796008411D393A60074E5B7 /* mersenne.cpp in Sources */,
				1796008511D393A60074E5B7 /* misc.cpp in Sources */,
				1EBC3E7B1CDB77B500E9A896 /* constants.m in Sources */,
				1796008611D393A60074E5B7 /* move.cpp in Sources */,
				1796008711D393A60074E5B7 /* movegen.cpp in Sources */,
				1796008811D393A60074E5B7 /* movepick.cpp in Sources */,
				1796008911D393A60074E5B7 /* piece.cpp in Sources */,
				1796008A11D393A60074E5B7 /* position.cpp in Sources */,
				1796008B11D393A60074E5B7 /* san.cpp in Sources */,
				1796008C11D393A60074E5B7 /* square.cpp in Sources */,
				1796008D11D393A60074E5B7 /* value.cpp in Sources */,
				17DC4770132B938B00C48450 /* CoordinatesView.mm in Sources */,
				17560CA11336310200466B87 /* BoardPreview.mm in Sources */,
				1EE176F31CBFD23200DDAD41 /* MTBBarcodeScanner.m in Sources */,
				17DCB80915C54A2D005ADD54 /* benchmark.cpp in Sources */,
				17DCB80A15C54A2D005ADD54 /* bitbase.cpp in Sources */,
				17DCB80B15C54A2D005ADD54 /* bitboard.cpp in Sources */,
				17DCB80C15C54A2D005ADD54 /* book.cpp in Sources */,
				17DCB80D15C54A2D005ADD54 /* endgame.cpp in Sources */,
				17DCB80E15C54A2D005ADD54 /* evaluate.cpp in Sources */,
				17DCB80F15C54A2D005ADD54 /* iphone.mm in Sources */,
				17DCB81015C54A2D005ADD54 /* material.cpp in Sources */,
				1EE176F21CBFD23200DDAD41 /* ScanViewController.m in Sources */,
				17DCB81115C54A2D005ADD54 /* misc.cpp in Sources */,
				17DCB81315C54A2D005ADD54 /* movegen.cpp in Sources */,
				17DCB81415C54A2D005ADD54 /* movepick.cpp in Sources */,
				17DCB81515C54A2D005ADD54 /* pawns.cpp in Sources */,
				17DCB81615C54A2D005ADD54 /* position.cpp in Sources */,
				17DCB81715C54A2D005ADD54 /* search.cpp in Sources */,
				17DCB81815C54A2D005ADD54 /* thread.cpp in Sources */,
				17DCB81915C54A2D005ADD54 /* timeman.cpp in Sources */,
				17DCB81A15C54A2D005ADD54 /* tt.cpp in Sources */,
				17DCB81B15C54A2D005ADD54 /* uci.cpp in Sources */,
				17DCB81C15C54A2D005ADD54 /* ucioption.cpp in Sources */,
				1799C31615DA7AEF0042DE41 /* ECO.mm in Sources */,
				1EBC3E781CDB6F1100E9A896 /* HexColors.m in Sources */,
				3669E881C221C4E64F0C2F9E /* ColorUtils.mm in Sources */,
			);
			runOnlyForDeploymentPostprocessing = 0;
		};
/* End PBXSourcesBuildPhase section */

/* Begin XCBuildConfiguration section */
		175E2E6B11D3F3B7006B0D16 /* AppStore Distribution */ = {
			isa = XCBuildConfiguration;
			buildSettings = {
				CODE_SIGN_IDENTITY = "";
				"CODE_SIGN_IDENTITY[sdk=iphoneos*]" = "";
				GCC_C_LANGUAGE_STANDARD = c99;
				GCC_ENABLE_CPP_EXCEPTIONS = YES;
				GCC_OPTIMIZATION_LEVEL = fast;
				GCC_WARN_ABOUT_RETURN_TYPE = YES;
				GCC_WARN_UNUSED_VARIABLE = YES;
				OTHER_CFLAGS = "-DNS_BLOCK_ASSERTIONS=1";
				PROVISIONING_PROFILE = "";
				SDKROOT = iphoneos;
			};
			name = "AppStore Distribution";
		};
		175E2E6C11D3F3B7006B0D16 /* AppStore Distribution */ = {
			isa = XCBuildConfiguration;
			buildSettings = {
				ALWAYS_SEARCH_USER_PATHS = NO;
				ASSETCATALOG_COMPILER_APPICON_NAME = AppIcon;
				CLANG_ENABLE_OBJC_ARC = YES;
				CODE_SIGN_ENTITLEMENTS = "";
				CODE_SIGN_IDENTITY = "iPhone Developer";
				"CODE_SIGN_IDENTITY[sdk=iphoneos*]" = "iPhone Developer";
				COPY_PHASE_STRIP = YES;
				GCC_ENABLE_CPP_EXCEPTIONS = NO;
				GCC_ENABLE_CPP_RTTI = NO;
				GCC_OPTIMIZATION_LEVEL = 3;
				GCC_PRECOMPILE_PREFIX_HEADER = YES;
				GCC_PREFIX_HEADER = Diagram_Prefix.pch;
				GCC_PREPROCESSOR_DEFINITIONS = "";
				GCC_STRICT_ALIASING = YES;
				GCC_THUMB_SUPPORT = NO;
				GCC_VERSION = "";
				INFOPLIST_FILE = "$(SRCROOT)/Diagram-Info.plist";
				IPHONEOS_DEPLOYMENT_TARGET = 7.0;
				OTHER_CFLAGS = (
					"-DNDEBUG",
					"-DNS_BLOCK_ASSERTIONS=1",
				);
				OTHER_CPLUSPLUSFLAGS = (
					"-DNDEBUG",
					"$(OTHER_CFLAGS)",
				);
				PRODUCT_BUNDLE_IDENTIFIER = club.diagram;
				PRODUCT_NAME = Diagram;
				PROVISIONING_PROFILE = "";
				"PROVISIONING_PROFILE[sdk=iphoneos*]" = "";
				SDKROOT = iphoneos;
				TARGETED_DEVICE_FAMILY = 1;
				VALIDATE_PRODUCT = YES;
			};
			name = "AppStore Distribution";
		};
		1796013A11D3A5340074E5B7 /* Distribution */ = {
			isa = XCBuildConfiguration;
			buildSettings = {
				CODE_SIGN_IDENTITY = "";
				"CODE_SIGN_IDENTITY[sdk=iphoneos*]" = "";
				GCC_C_LANGUAGE_STANDARD = c99;
				GCC_ENABLE_CPP_EXCEPTIONS = YES;
				GCC_OPTIMIZATION_LEVEL = fast;
				GCC_WARN_ABOUT_RETURN_TYPE = YES;
				GCC_WARN_UNUSED_VARIABLE = YES;
				OTHER_CFLAGS = "-DNS_BLOCK_ASSERTIONS=1";
				PROVISIONING_PROFILE = "";
				SDKROOT = iphoneos;
			};
			name = Distribution;
		};
		1796013B11D3A5340074E5B7 /* Distribution */ = {
			isa = XCBuildConfiguration;
			buildSettings = {
				ALWAYS_SEARCH_USER_PATHS = NO;
				ASSETCATALOG_COMPILER_APPICON_NAME = AppIcon;
				CLANG_ENABLE_OBJC_ARC = YES;
				CODE_SIGN_ENTITLEMENTS = "";
				CODE_SIGN_IDENTITY = "iPhone Developer";
				"CODE_SIGN_IDENTITY[sdk=iphoneos*]" = "iPhone Developer";
				COPY_PHASE_STRIP = YES;
				GCC_ENABLE_CPP_EXCEPTIONS = YES;
				GCC_ENABLE_CPP_RTTI = NO;
				GCC_OPTIMIZATION_LEVEL = 3;
				GCC_PRECOMPILE_PREFIX_HEADER = YES;
				GCC_PREFIX_HEADER = Diagram_Prefix.pch;
				GCC_PREPROCESSOR_DEFINITIONS = "";
				GCC_STRICT_ALIASING = YES;
				GCC_THUMB_SUPPORT = NO;
				GCC_VERSION = "";
				INFOPLIST_FILE = "$(SRCROOT)/Diagram-Info.plist";
				IPHONEOS_DEPLOYMENT_TARGET = 7.0;
				OTHER_CFLAGS = (
					"-DNDEBUG",
					"-DNS_BLOCK_ASSERTIONS=1",
				);
				OTHER_CPLUSPLUSFLAGS = (
					"-DNDEBUG",
					"$(OTHER_CFLAGS)",
				);
				PRODUCT_BUNDLE_IDENTIFIER = club.diagram;
				PRODUCT_NAME = Diagram;
				PROVISIONING_PROFILE = "";
				"PROVISIONING_PROFILE[sdk=iphoneos*]" = "";
				SDKROOT = iphoneos;
				TARGETED_DEVICE_FAMILY = 1;
				VALIDATE_PRODUCT = YES;
			};
			name = Distribution;
		};
		1D6058940D05DD3E006BFB54 /* Debug */ = {
			isa = XCBuildConfiguration;
			buildSettings = {
				ALWAYS_SEARCH_USER_PATHS = NO;
				ASSETCATALOG_COMPILER_APPICON_NAME = AppIcon;
				CLANG_ENABLE_OBJC_ARC = YES;
				CODE_SIGN_ENTITLEMENTS = "";
				CODE_SIGN_IDENTITY = "iPhone Developer";
				"CODE_SIGN_IDENTITY[sdk=iphoneos*]" = "iPhone Developer";
				COPY_PHASE_STRIP = NO;
				GCC_DYNAMIC_NO_PIC = NO;
				GCC_OPTIMIZATION_LEVEL = 0;
				GCC_PRECOMPILE_PREFIX_HEADER = YES;
				GCC_PREFIX_HEADER = Diagram_Prefix.pch;
				GCC_VERSION = "";
				INFOPLIST_FILE = "$(SRCROOT)/Diagram-Info.plist";
				IPHONEOS_DEPLOYMENT_TARGET = 7.0;
				PRODUCT_BUNDLE_IDENTIFIER = club.diagram;
				PRODUCT_NAME = Diagram;
				PROVISIONING_PROFILE = "";
				"PROVISIONING_PROFILE[sdk=iphoneos*]" = "";
				SDKROOT = iphoneos;
				TARGETED_DEVICE_FAMILY = 1;
			};
			name = Debug;
		};
		1D6058950D05DD3E006BFB54 /* Release */ = {
			isa = XCBuildConfiguration;
			buildSettings = {
				ALWAYS_SEARCH_USER_PATHS = NO;
				ASSETCATALOG_COMPILER_APPICON_NAME = AppIcon;
				CLANG_ENABLE_OBJC_ARC = YES;
				CODE_SIGN_ENTITLEMENTS = "";
				CODE_SIGN_IDENTITY = "iPhone Developer";
				"CODE_SIGN_IDENTITY[sdk=iphoneos*]" = "iPhone Developer";
				COPY_PHASE_STRIP = YES;
				GCC_ENABLE_CPP_EXCEPTIONS = NO;
				GCC_ENABLE_CPP_RTTI = NO;
				GCC_OPTIMIZATION_LEVEL = 3;
				GCC_PRECOMPILE_PREFIX_HEADER = YES;
				GCC_PREFIX_HEADER = Diagram_Prefix.pch;
				GCC_PREPROCESSOR_DEFINITIONS = "";
				GCC_THUMB_SUPPORT = NO;
				GCC_VERSION = "";
				INFOPLIST_FILE = "$(SRCROOT)/Diagram-Info.plist";
				IPHONEOS_DEPLOYMENT_TARGET = 7.0;
				OTHER_CFLAGS = (
					"-DNDEBUG",
					"-DNS_BLOCK_ASSERTIONS=1",
				);
				OTHER_CPLUSPLUSFLAGS = (
					"-DNDEBUG",
					"$(OTHER_CFLAGS)",
				);
				PRODUCT_BUNDLE_IDENTIFIER = club.diagram;
				PRODUCT_NAME = Diagram;
				PROVISIONING_PROFILE = "";
				SDKROOT = iphoneos;
				TARGETED_DEVICE_FAMILY = 1;
				VALIDATE_PRODUCT = YES;
			};
			name = Release;
		};
		C01FCF4F08A954540054247B /* Debug */ = {
			isa = XCBuildConfiguration;
			buildSettings = {
				CODE_SIGN_IDENTITY = "";
				"CODE_SIGN_IDENTITY[sdk=iphoneos*]" = "";
				GCC_C_LANGUAGE_STANDARD = c99;
				GCC_ENABLE_CPP_EXCEPTIONS = YES;
				GCC_OPTIMIZATION_LEVEL = fast;
				GCC_WARN_ABOUT_RETURN_TYPE = YES;
				GCC_WARN_UNUSED_VARIABLE = YES;
				ONLY_ACTIVE_ARCH = YES;
				PROVISIONING_PROFILE = "";
				SDKROOT = iphoneos;
			};
			name = Debug;
		};
		C01FCF5008A954540054247B /* Release */ = {
			isa = XCBuildConfiguration;
			buildSettings = {
				CODE_SIGN_IDENTITY = "";
				"CODE_SIGN_IDENTITY[sdk=iphoneos*]" = "";
				GCC_C_LANGUAGE_STANDARD = c99;
				GCC_ENABLE_CPP_EXCEPTIONS = YES;
				GCC_OPTIMIZATION_LEVEL = fast;
				GCC_WARN_ABOUT_RETURN_TYPE = YES;
				GCC_WARN_UNUSED_VARIABLE = YES;
				OTHER_CFLAGS = "-DNS_BLOCK_ASSERTIONS=1";
				PROVISIONING_PROFILE = "";
				SDKROOT = iphoneos;
			};
			name = Release;
		};
/* End XCBuildConfiguration section */

/* Begin XCConfigurationList section */
		1D6058960D05DD3E006BFB54 /* Build configuration list for PBXNativeTarget "Diagram" */ = {
			isa = XCConfigurationList;
			buildConfigurations = (
				1D6058940D05DD3E006BFB54 /* Debug */,
				1D6058950D05DD3E006BFB54 /* Release */,
				175E2E6C11D3F3B7006B0D16 /* AppStore Distribution */,
				1796013B11D3A5340074E5B7 /* Distribution */,
			);
			defaultConfigurationIsVisible = 0;
			defaultConfigurationName = Release;
		};
		C01FCF4E08A954540054247B /* Build configuration list for PBXProject "Diagram" */ = {
			isa = XCConfigurationList;
			buildConfigurations = (
				C01FCF4F08A954540054247B /* Debug */,
				C01FCF5008A954540054247B /* Release */,
				175E2E6B11D3F3B7006B0D16 /* AppStore Distribution */,
				1796013A11D3A5340074E5B7 /* Distribution */,
			);
			defaultConfigurationIsVisible = 0;
			defaultConfigurationName = Release;
		};
/* End XCConfigurationList section */
	};
	rootObject = 29B97313FDCFA39411CA2CEA /* Project object */;
}
